// !$*UTF8*$!
{
	archiveVersion = 1;
	classes = {
	};
	objectVersion = 46;
	objects = {

/* Begin PBXBuildFile section */
		62A4E070F773A6E080A30642 /* Pods_translateMeUITests.framework in Frameworks */ = {isa = PBXBuildFile; fileRef = BE2BBBA1C2225F14D62F7FFD /* Pods_translateMeUITests.framework */; };
		9E16E2F4A184271D059059C5 /* Pods_translateMeTests.framework in Frameworks */ = {isa = PBXBuildFile; fileRef = 0303866AE9C40C029FE95D1F /* Pods_translateMeTests.framework */; };
		B868EFCC00619C761866A311 /* Pods_translateMe.framework in Frameworks */ = {isa = PBXBuildFile; fileRef = 2FF50B5E509F5C1A9CDE573C /* Pods_translateMe.framework */; };
		C60A51451F7B378700F668F3 /* misc.swift in Sources */ = {isa = PBXBuildFile; fileRef = C60A51441F7B378700F668F3 /* misc.swift */; };
		C617BFAD1F75AE2100152446 /* PopupViewController.swift in Sources */ = {isa = PBXBuildFile; fileRef = C617BFAC1F75AE2100152446 /* PopupViewController.swift */; };
		C63728E31F83EDD500889357 /* placeholder.png in Resources */ = {isa = PBXBuildFile; fileRef = C63728E21F83EDD500889357 /* placeholder.png */; };
		C6563D7A1F70633200E564A5 /* launch.JPG in Resources */ = {isa = PBXBuildFile; fileRef = C6563D791F70633200E564A5 /* launch.JPG */; };
		C6563D7C1F70761800E564A5 /* blank_default.png in Resources */ = {isa = PBXBuildFile; fileRef = C6563D7B1F70761800E564A5 /* blank_default.png */; };
		C6563D7E1F70774700E564A5 /* TableViewController.swift in Sources */ = {isa = PBXBuildFile; fileRef = C6563D7D1F70774700E564A5 /* TableViewController.swift */; };
		C66709191F7F595D0074710B /* translateMeTestsUnitTest.swift in Sources */ = {isa = PBXBuildFile; fileRef = C66709181F7F595D0074710B /* translateMeTestsUnitTest.swift */; };
		C669EDC11F85E10500242E40 /* AboutViewController.swift in Sources */ = {isa = PBXBuildFile; fileRef = C669EDC01F85E10500242E40 /* AboutViewController.swift */; };
		C669EDC31F85EAEF00242E40 /* about-logo.png in Resources */ = {isa = PBXBuildFile; fileRef = C669EDC21F85EAEF00242E40 /* about-logo.png */; };
		C67E141A1F705F5A007D41BD /* AppDelegate.swift in Sources */ = {isa = PBXBuildFile; fileRef = C67E14191F705F5A007D41BD /* AppDelegate.swift */; };
		C67E141C1F705F5A007D41BD /* MainViewController.swift in Sources */ = {isa = PBXBuildFile; fileRef = C67E141B1F705F5A007D41BD /* MainViewController.swift */; };
		C67E141F1F705F5A007D41BD /* Main.storyboard in Resources */ = {isa = PBXBuildFile; fileRef = C67E141D1F705F5A007D41BD /* Main.storyboard */; };
		C67E14211F705F5A007D41BD /* Assets.xcassets in Resources */ = {isa = PBXBuildFile; fileRef = C67E14201F705F5A007D41BD /* Assets.xcassets */; };
		C67E14241F705F5A007D41BD /* LaunchScreen.storyboard in Resources */ = {isa = PBXBuildFile; fileRef = C67E14221F705F5A007D41BD /* LaunchScreen.storyboard */; };
		C67E142F1F705F5A007D41BD /* translateMeTests.swift in Sources */ = {isa = PBXBuildFile; fileRef = C67E142E1F705F5A007D41BD /* translateMeTests.swift */; };
		C67E143A1F705F5A007D41BD /* translateMeUITests.swift in Sources */ = {isa = PBXBuildFile; fileRef = C67E14391F705F5A007D41BD /* translateMeUITests.swift */; };
		C68496D31F76FD4400CB5963 /* camera.png in Resources */ = {isa = PBXBuildFile; fileRef = C68496D11F76FD4400CB5963 /* camera.png */; };
		C68496D41F76FD4400CB5963 /* translate.png in Resources */ = {isa = PBXBuildFile; fileRef = C68496D21F76FD4400CB5963 /* translate.png */; };
		C68496D61F76FF9E00CB5963 /* translate-bold-selected.png in Resources */ = {isa = PBXBuildFile; fileRef = C68496D51F76FF9E00CB5963 /* translate-bold-selected.png */; };
		C68496D81F76FFA900CB5963 /* camera-bold-selected.png in Resources */ = {isa = PBXBuildFile; fileRef = C68496D71F76FFA900CB5963 /* camera-bold-selected.png */; };
		C68496E61F773A4300CB5963 /* audio.png in Resources */ = {isa = PBXBuildFile; fileRef = C68496E51F773A4300CB5963 /* audio.png */; };
		C68496E81F7740E000CB5963 /* SettingsViewController.swift in Sources */ = {isa = PBXBuildFile; fileRef = C68496E71F7740E000CB5963 /* SettingsViewController.swift */; };
		C68496EA1F7765AF00CB5963 /* LanguageTableViewController.swift in Sources */ = {isa = PBXBuildFile; fileRef = C68496E91F7765AF00CB5963 /* LanguageTableViewController.swift */; };
		C6B7E56F1F7C819100ABB75C /* Localizable.strings in Resources */ = {isa = PBXBuildFile; fileRef = C6B7E56D1F7C819100ABB75C /* Localizable.strings */; };
/* End PBXBuildFile section */

/* Begin PBXContainerItemProxy section */
		C667091B1F7F595D0074710B /* PBXContainerItemProxy */ = {
			isa = PBXContainerItemProxy;
			containerPortal = C67E140E1F705F5A007D41BD /* Project object */;
			proxyType = 1;
			remoteGlobalIDString = C67E14151F705F5A007D41BD;
			remoteInfo = translateMe;
		};
		C67E142B1F705F5A007D41BD /* PBXContainerItemProxy */ = {
			isa = PBXContainerItemProxy;
			containerPortal = C67E140E1F705F5A007D41BD /* Project object */;
			proxyType = 1;
			remoteGlobalIDString = C67E14151F705F5A007D41BD;
			remoteInfo = translateMe;
		};
		C67E14361F705F5A007D41BD /* PBXContainerItemProxy */ = {
			isa = PBXContainerItemProxy;
			containerPortal = C67E140E1F705F5A007D41BD /* Project object */;
			proxyType = 1;
			remoteGlobalIDString = C67E14151F705F5A007D41BD;
			remoteInfo = translateMe;
		};
/* End PBXContainerItemProxy section */

/* Begin PBXFileReference section */
		0303866AE9C40C029FE95D1F /* Pods_translateMeTests.framework */ = {isa = PBXFileReference; explicitFileType = wrapper.framework; includeInIndex = 0; path = Pods_translateMeTests.framework; sourceTree = BUILT_PRODUCTS_DIR; };
		1776475C17ECC8E44112BA92 /* Pods-translateMeTests.debug.xcconfig */ = {isa = PBXFileReference; includeInIndex = 1; lastKnownFileType = text.xcconfig; name = "Pods-translateMeTests.debug.xcconfig"; path = "Pods/Target Support Files/Pods-translateMeTests/Pods-translateMeTests.debug.xcconfig"; sourceTree = "<group>"; };
		2FF50B5E509F5C1A9CDE573C /* Pods_translateMe.framework */ = {isa = PBXFileReference; explicitFileType = wrapper.framework; includeInIndex = 0; path = Pods_translateMe.framework; sourceTree = BUILT_PRODUCTS_DIR; };
		5C5D40C43B9C278F906FA0B7 /* Pods-translateMeUITests.debug.xcconfig */ = {isa = PBXFileReference; includeInIndex = 1; lastKnownFileType = text.xcconfig; name = "Pods-translateMeUITests.debug.xcconfig"; path = "Pods/Target Support Files/Pods-translateMeUITests/Pods-translateMeUITests.debug.xcconfig"; sourceTree = "<group>"; };
		9A4CFEFFB154B4C8CA686115 /* Pods-translateMe.debug.xcconfig */ = {isa = PBXFileReference; includeInIndex = 1; lastKnownFileType = text.xcconfig; name = "Pods-translateMe.debug.xcconfig"; path = "Pods/Target Support Files/Pods-translateMe/Pods-translateMe.debug.xcconfig"; sourceTree = "<group>"; };
		A33DC9E966E644F3ACF44212 /* Pods-translateMe.release.xcconfig */ = {isa = PBXFileReference; includeInIndex = 1; lastKnownFileType = text.xcconfig; name = "Pods-translateMe.release.xcconfig"; path = "Pods/Target Support Files/Pods-translateMe/Pods-translateMe.release.xcconfig"; sourceTree = "<group>"; };
		A3CF8A0D77AD2B2951E48CD7 /* Pods-translateMeUITests.release.xcconfig */ = {isa = PBXFileReference; includeInIndex = 1; lastKnownFileType = text.xcconfig; name = "Pods-translateMeUITests.release.xcconfig"; path = "Pods/Target Support Files/Pods-translateMeUITests/Pods-translateMeUITests.release.xcconfig"; sourceTree = "<group>"; };
		BE2BBBA1C2225F14D62F7FFD /* Pods_translateMeUITests.framework */ = {isa = PBXFileReference; explicitFileType = wrapper.framework; includeInIndex = 0; path = Pods_translateMeUITests.framework; sourceTree = BUILT_PRODUCTS_DIR; };
		C60A51441F7B378700F668F3 /* misc.swift */ = {isa = PBXFileReference; lastKnownFileType = sourcecode.swift; path = misc.swift; sourceTree = "<group>"; };
		C617BFAC1F75AE2100152446 /* PopupViewController.swift */ = {isa = PBXFileReference; fileEncoding = 4; lastKnownFileType = sourcecode.swift; path = PopupViewController.swift; sourceTree = "<group>"; };
		C63728E21F83EDD500889357 /* placeholder.png */ = {isa = PBXFileReference; lastKnownFileType = image.png; path = placeholder.png; sourceTree = "<group>"; };
		C6563D791F70633200E564A5 /* launch.JPG */ = {isa = PBXFileReference; lastKnownFileType = image.jpeg; path = launch.JPG; sourceTree = "<group>"; };
		C6563D7B1F70761800E564A5 /* blank_default.png */ = {isa = PBXFileReference; lastKnownFileType = image.png; path = blank_default.png; sourceTree = "<group>"; };
		C6563D7D1F70774700E564A5 /* TableViewController.swift */ = {isa = PBXFileReference; fileEncoding = 4; lastKnownFileType = sourcecode.swift; path = TableViewController.swift; sourceTree = "<group>"; };
		C66709161F7F595D0074710B /* translateMeTestsUnitTest.xctest */ = {isa = PBXFileReference; explicitFileType = wrapper.cfbundle; includeInIndex = 0; path = translateMeTestsUnitTest.xctest; sourceTree = BUILT_PRODUCTS_DIR; };
		C66709181F7F595D0074710B /* translateMeTestsUnitTest.swift */ = {isa = PBXFileReference; lastKnownFileType = sourcecode.swift; path = translateMeTestsUnitTest.swift; sourceTree = "<group>"; };
		C667091A1F7F595D0074710B /* Info.plist */ = {isa = PBXFileReference; lastKnownFileType = text.plist.xml; path = Info.plist; sourceTree = "<group>"; };
		C669EDC01F85E10500242E40 /* AboutViewController.swift */ = {isa = PBXFileReference; lastKnownFileType = sourcecode.swift; path = AboutViewController.swift; sourceTree = "<group>"; };
		C669EDC21F85EAEF00242E40 /* about-logo.png */ = {isa = PBXFileReference; lastKnownFileType = image.png; path = "about-logo.png"; sourceTree = "<group>"; };
		C669EDC41F85F04800242E40 /* zh-Hans */ = {isa = PBXFileReference; lastKnownFileType = text.plist.strings; name = "zh-Hans"; path = "zh-Hans.lproj/Main.strings"; sourceTree = "<group>"; };
		C669EDC51F85F04800242E40 /* zh-Hans */ = {isa = PBXFileReference; lastKnownFileType = text.plist.strings; name = "zh-Hans"; path = "zh-Hans.lproj/LaunchScreen.strings"; sourceTree = "<group>"; };
		C669EDC61F85F04900242E40 /* zh-Hans */ = {isa = PBXFileReference; lastKnownFileType = text.plist.strings; name = "zh-Hans"; path = "zh-Hans.lproj/Localizable.strings"; sourceTree = "<group>"; };
		C67E14161F705F5A007D41BD /* translateMe.app */ = {isa = PBXFileReference; explicitFileType = wrapper.application; includeInIndex = 0; path = translateMe.app; sourceTree = BUILT_PRODUCTS_DIR; };
		C67E14191F705F5A007D41BD /* AppDelegate.swift */ = {isa = PBXFileReference; lastKnownFileType = sourcecode.swift; path = AppDelegate.swift; sourceTree = "<group>"; };
		C67E141B1F705F5A007D41BD /* MainViewController.swift */ = {isa = PBXFileReference; lastKnownFileType = sourcecode.swift; path = MainViewController.swift; sourceTree = "<group>"; };
		C67E141E1F705F5A007D41BD /* Base */ = {isa = PBXFileReference; lastKnownFileType = file.storyboard; name = Base; path = Base.lproj/Main.storyboard; sourceTree = "<group>"; };
		C67E14201F705F5A007D41BD /* Assets.xcassets */ = {isa = PBXFileReference; lastKnownFileType = folder.assetcatalog; path = Assets.xcassets; sourceTree = "<group>"; };
		C67E14231F705F5A007D41BD /* Base */ = {isa = PBXFileReference; lastKnownFileType = file.storyboard; name = Base; path = Base.lproj/LaunchScreen.storyboard; sourceTree = "<group>"; };
		C67E14251F705F5A007D41BD /* Info.plist */ = {isa = PBXFileReference; lastKnownFileType = text.plist.xml; path = Info.plist; sourceTree = "<group>"; };
		C67E142A1F705F5A007D41BD /* translateMeTests.xctest */ = {isa = PBXFileReference; explicitFileType = wrapper.cfbundle; includeInIndex = 0; path = translateMeTests.xctest; sourceTree = BUILT_PRODUCTS_DIR; };
		C67E142E1F705F5A007D41BD /* translateMeTests.swift */ = {isa = PBXFileReference; lastKnownFileType = sourcecode.swift; path = translateMeTests.swift; sourceTree = "<group>"; };
		C67E14301F705F5A007D41BD /* Info.plist */ = {isa = PBXFileReference; lastKnownFileType = text.plist.xml; path = Info.plist; sourceTree = "<group>"; };
		C67E14351F705F5A007D41BD /* translateMeUITests.xctest */ = {isa = PBXFileReference; explicitFileType = wrapper.cfbundle; includeInIndex = 0; path = translateMeUITests.xctest; sourceTree = BUILT_PRODUCTS_DIR; };
		C67E14391F705F5A007D41BD /* translateMeUITests.swift */ = {isa = PBXFileReference; lastKnownFileType = sourcecode.swift; path = translateMeUITests.swift; sourceTree = "<group>"; };
		C67E143B1F705F5A007D41BD /* Info.plist */ = {isa = PBXFileReference; lastKnownFileType = text.plist.xml; path = Info.plist; sourceTree = "<group>"; };
		C68496D11F76FD4400CB5963 /* camera.png */ = {isa = PBXFileReference; lastKnownFileType = image.png; path = camera.png; sourceTree = "<group>"; };
		C68496D21F76FD4400CB5963 /* translate.png */ = {isa = PBXFileReference; lastKnownFileType = image.png; path = translate.png; sourceTree = "<group>"; };
		C68496D51F76FF9E00CB5963 /* translate-bold-selected.png */ = {isa = PBXFileReference; lastKnownFileType = image.png; path = "translate-bold-selected.png"; sourceTree = "<group>"; };
		C68496D71F76FFA900CB5963 /* camera-bold-selected.png */ = {isa = PBXFileReference; lastKnownFileType = image.png; path = "camera-bold-selected.png"; sourceTree = "<group>"; };
		C68496E51F773A4300CB5963 /* audio.png */ = {isa = PBXFileReference; lastKnownFileType = image.png; path = audio.png; sourceTree = "<group>"; };
		C68496E71F7740E000CB5963 /* SettingsViewController.swift */ = {isa = PBXFileReference; fileEncoding = 4; lastKnownFileType = sourcecode.swift; path = SettingsViewController.swift; sourceTree = "<group>"; };
		C68496E91F7765AF00CB5963 /* LanguageTableViewController.swift */ = {isa = PBXFileReference; fileEncoding = 4; lastKnownFileType = sourcecode.swift; path = LanguageTableViewController.swift; sourceTree = "<group>"; };
		C6B7E56B1F7C812D00ABB75C /* zh-Hant */ = {isa = PBXFileReference; lastKnownFileType = text.plist.strings; name = "zh-Hant"; path = "zh-Hant.lproj/Main.strings"; sourceTree = "<group>"; };
		C6B7E56C1F7C812D00ABB75C /* zh-Hant */ = {isa = PBXFileReference; lastKnownFileType = text.plist.strings; name = "zh-Hant"; path = "zh-Hant.lproj/LaunchScreen.strings"; sourceTree = "<group>"; };
		C6B7E56E1F7C819100ABB75C /* Base */ = {isa = PBXFileReference; lastKnownFileType = text.plist.strings; name = Base; path = Base.lproj/Localizable.strings; sourceTree = "<group>"; };
		C6B7E5701F7C81B300ABB75C /* zh-Hant */ = {isa = PBXFileReference; lastKnownFileType = text.plist.strings; name = "zh-Hant"; path = "zh-Hant.lproj/Localizable.strings"; sourceTree = "<group>"; };
		F1BC4C1FA343CD99A1DF0AB5 /* Pods-translateMeTests.release.xcconfig */ = {isa = PBXFileReference; includeInIndex = 1; lastKnownFileType = text.xcconfig; name = "Pods-translateMeTests.release.xcconfig"; path = "Pods/Target Support Files/Pods-translateMeTests/Pods-translateMeTests.release.xcconfig"; sourceTree = "<group>"; };
/* End PBXFileReference section */

/* Begin PBXFrameworksBuildPhase section */
		C66709131F7F595D0074710B /* Frameworks */ = {
			isa = PBXFrameworksBuildPhase;
			buildActionMask = 2147483647;
			files = (
			);
			runOnlyForDeploymentPostprocessing = 0;
		};
		C67E14131F705F5A007D41BD /* Frameworks */ = {
			isa = PBXFrameworksBuildPhase;
			buildActionMask = 2147483647;
			files = (
				B868EFCC00619C761866A311 /* Pods_translateMe.framework in Frameworks */,
			);
			runOnlyForDeploymentPostprocessing = 0;
		};
		C67E14271F705F5A007D41BD /* Frameworks */ = {
			isa = PBXFrameworksBuildPhase;
			buildActionMask = 2147483647;
			files = (
				9E16E2F4A184271D059059C5 /* Pods_translateMeTests.framework in Frameworks */,
			);
			runOnlyForDeploymentPostprocessing = 0;
		};
		C67E14321F705F5A007D41BD /* Frameworks */ = {
			isa = PBXFrameworksBuildPhase;
			buildActionMask = 2147483647;
			files = (
				62A4E070F773A6E080A30642 /* Pods_translateMeUITests.framework in Frameworks */,
			);
			runOnlyForDeploymentPostprocessing = 0;
		};
/* End PBXFrameworksBuildPhase section */

/* Begin PBXGroup section */
		C6563D781F70632400E564A5 /* images */ = {
			isa = PBXGroup;
			children = (
				C669EDC21F85EAEF00242E40 /* about-logo.png */,
				C63728E21F83EDD500889357 /* placeholder.png */,
				C68496D71F76FFA900CB5963 /* camera-bold-selected.png */,
				C68496D51F76FF9E00CB5963 /* translate-bold-selected.png */,
				C68496D11F76FD4400CB5963 /* camera.png */,
				C68496D21F76FD4400CB5963 /* translate.png */,
				C68496E51F773A4300CB5963 /* audio.png */,
				C6563D791F70633200E564A5 /* launch.JPG */,
				C6563D7B1F70761800E564A5 /* blank_default.png */,
			);
			name = images;
			sourceTree = "<group>";
		};
		C66709171F7F595D0074710B /* translateMeTestsUnitTest */ = {
			isa = PBXGroup;
			children = (
				C66709181F7F595D0074710B /* translateMeTestsUnitTest.swift */,
				C667091A1F7F595D0074710B /* Info.plist */,
			);
			path = translateMeTestsUnitTest;
			sourceTree = "<group>";
		};
		C67E140D1F705F5A007D41BD = {
			isa = PBXGroup;
			children = (
				C67E14181F705F5A007D41BD /* translateMe */,
				C67E142D1F705F5A007D41BD /* translateMeTests */,
				C66709171F7F595D0074710B /* translateMeTestsUnitTest */,
				C67E14171F705F5A007D41BD /* Products */,
				D650CD0B8A4C02BA37D5E452 /* Pods */,
				E7805C97AA8991619868B1B5 /* Frameworks */,
			);
			sourceTree = "<group>";
		};
		C67E14171F705F5A007D41BD /* Products */ = {
			isa = PBXGroup;
			children = (
				C67E14161F705F5A007D41BD /* translateMe.app */,
				C67E142A1F705F5A007D41BD /* translateMeTests.xctest */,
				C67E14351F705F5A007D41BD /* translateMeUITests.xctest */,
				C66709161F7F595D0074710B /* translateMeTestsUnitTest.xctest */,
			);
			name = Products;
			sourceTree = "<group>";
		};
		C67E14181F705F5A007D41BD /* translateMe */ = {
			isa = PBXGroup;
			children = (
				C6563D781F70632400E564A5 /* images */,
				C67E14191F705F5A007D41BD /* AppDelegate.swift */,
				C67E141B1F705F5A007D41BD /* MainViewController.swift */,
				C6563D7D1F70774700E564A5 /* TableViewController.swift */,
				C617BFAC1F75AE2100152446 /* PopupViewController.swift */,
				C68496E71F7740E000CB5963 /* SettingsViewController.swift */,
				C669EDC01F85E10500242E40 /* AboutViewController.swift */,
				C68496E91F7765AF00CB5963 /* LanguageTableViewController.swift */,
				C60A51441F7B378700F668F3 /* misc.swift */,
				C67E141D1F705F5A007D41BD /* Main.storyboard */,
				C67E14201F705F5A007D41BD /* Assets.xcassets */,
				C67E14221F705F5A007D41BD /* LaunchScreen.storyboard */,
				C67E14251F705F5A007D41BD /* Info.plist */,
				C6B7E56D1F7C819100ABB75C /* Localizable.strings */,
			);
			path = translateMe;
			sourceTree = "<group>";
		};
		C67E142D1F705F5A007D41BD /* translateMeTests */ = {
			isa = PBXGroup;
			children = (
				C67E14381F705F5A007D41BD /* translateMeUITests */,
				C67E142E1F705F5A007D41BD /* translateMeTests.swift */,
				C67E14301F705F5A007D41BD /* Info.plist */,
			);
			path = translateMeTests;
			sourceTree = "<group>";
		};
		C67E14381F705F5A007D41BD /* translateMeUITests */ = {
			isa = PBXGroup;
			children = (
				C67E14391F705F5A007D41BD /* translateMeUITests.swift */,
				C67E143B1F705F5A007D41BD /* Info.plist */,
			);
			name = translateMeUITests;
			path = ../translateMeUITests;
			sourceTree = "<group>";
		};
		D650CD0B8A4C02BA37D5E452 /* Pods */ = {
			isa = PBXGroup;
			children = (
				9A4CFEFFB154B4C8CA686115 /* Pods-translateMe.debug.xcconfig */,
				A33DC9E966E644F3ACF44212 /* Pods-translateMe.release.xcconfig */,
				1776475C17ECC8E44112BA92 /* Pods-translateMeTests.debug.xcconfig */,
				F1BC4C1FA343CD99A1DF0AB5 /* Pods-translateMeTests.release.xcconfig */,
				5C5D40C43B9C278F906FA0B7 /* Pods-translateMeUITests.debug.xcconfig */,
				A3CF8A0D77AD2B2951E48CD7 /* Pods-translateMeUITests.release.xcconfig */,
			);
			name = Pods;
			sourceTree = "<group>";
		};
		E7805C97AA8991619868B1B5 /* Frameworks */ = {
			isa = PBXGroup;
			children = (
				2FF50B5E509F5C1A9CDE573C /* Pods_translateMe.framework */,
				0303866AE9C40C029FE95D1F /* Pods_translateMeTests.framework */,
				BE2BBBA1C2225F14D62F7FFD /* Pods_translateMeUITests.framework */,
			);
			name = Frameworks;
			sourceTree = "<group>";
		};
/* End PBXGroup section */

/* Begin PBXNativeTarget section */
		C66709151F7F595D0074710B /* translateMeTestsUnitTest */ = {
			isa = PBXNativeTarget;
			buildConfigurationList = C667091F1F7F595D0074710B /* Build configuration list for PBXNativeTarget "translateMeTestsUnitTest" */;
			buildPhases = (
				C66709121F7F595D0074710B /* Sources */,
				C66709131F7F595D0074710B /* Frameworks */,
				C66709141F7F595D0074710B /* Resources */,
			);
			buildRules = (
			);
			dependencies = (
				C667091C1F7F595D0074710B /* PBXTargetDependency */,
			);
			name = translateMeTestsUnitTest;
			productName = translateMeTestsUnitTest;
			productReference = C66709161F7F595D0074710B /* translateMeTestsUnitTest.xctest */;
			productType = "com.apple.product-type.bundle.unit-test";
		};
		C67E14151F705F5A007D41BD /* translateMe */ = {
			isa = PBXNativeTarget;
			buildConfigurationList = C67E143E1F705F5A007D41BD /* Build configuration list for PBXNativeTarget "translateMe" */;
			buildPhases = (
				050B6693B59D9EDA349E58D7 /* [CP] Check Pods Manifest.lock */,
				C67E14121F705F5A007D41BD /* Sources */,
				C67E14131F705F5A007D41BD /* Frameworks */,
				C67E14141F705F5A007D41BD /* Resources */,
				89988B95DAE6318B5467F26F /* [CP] Embed Pods Frameworks */,
				CFCC6C1B81807CFFDA654EC4 /* [CP] Copy Pods Resources */,
			);
			buildRules = (
			);
			dependencies = (
			);
			name = translateMe;
			productName = translateMe;
			productReference = C67E14161F705F5A007D41BD /* translateMe.app */;
			productType = "com.apple.product-type.application";
		};
		C67E14291F705F5A007D41BD /* translateMeTests */ = {
			isa = PBXNativeTarget;
			buildConfigurationList = C67E14411F705F5A007D41BD /* Build configuration list for PBXNativeTarget "translateMeTests" */;
			buildPhases = (
				89BA765CF22FFDBA8AEB1C93 /* [CP] Check Pods Manifest.lock */,
				C67E14261F705F5A007D41BD /* Sources */,
				C67E14271F705F5A007D41BD /* Frameworks */,
				C67E14281F705F5A007D41BD /* Resources */,
				2E055AD111AFB082FC24BC11 /* [CP] Embed Pods Frameworks */,
				5613DEE2DDCF3970C60CF3AE /* [CP] Copy Pods Resources */,
			);
			buildRules = (
			);
			dependencies = (
				C67E142C1F705F5A007D41BD /* PBXTargetDependency */,
			);
			name = translateMeTests;
			productName = translateMeTests;
			productReference = C67E142A1F705F5A007D41BD /* translateMeTests.xctest */;
			productType = "com.apple.product-type.bundle.unit-test";
		};
		C67E14341F705F5A007D41BD /* translateMeUITests */ = {
			isa = PBXNativeTarget;
			buildConfigurationList = C67E14441F705F5A007D41BD /* Build configuration list for PBXNativeTarget "translateMeUITests" */;
			buildPhases = (
				2BF2B5B46C8A5F5C8957B4FB /* [CP] Check Pods Manifest.lock */,
				C67E14311F705F5A007D41BD /* Sources */,
				C67E14321F705F5A007D41BD /* Frameworks */,
				C67E14331F705F5A007D41BD /* Resources */,
				5342BEB6F67883649723EE68 /* [CP] Embed Pods Frameworks */,
				FB48555B76B7EC4291AF9193 /* [CP] Copy Pods Resources */,
			);
			buildRules = (
			);
			dependencies = (
				C67E14371F705F5A007D41BD /* PBXTargetDependency */,
			);
			name = translateMeUITests;
			productName = translateMeUITests;
			productReference = C67E14351F705F5A007D41BD /* translateMeUITests.xctest */;
			productType = "com.apple.product-type.bundle.ui-testing";
		};
/* End PBXNativeTarget section */

/* Begin PBXProject section */
		C67E140E1F705F5A007D41BD /* Project object */ = {
			isa = PBXProject;
			attributes = {
				LastSwiftUpdateCheck = 0900;
				LastUpgradeCheck = 0900;
				ORGANIZATIONNAME = "Wan Kim Mok";
				TargetAttributes = {
					C66709151F7F595D0074710B = {
						CreatedOnToolsVersion = 9.0;
						DevelopmentTeam = 96KV52LNQ2;
						ProvisioningStyle = Automatic;
						TestTargetID = C67E14151F705F5A007D41BD;
					};
					C67E14151F705F5A007D41BD = {
						CreatedOnToolsVersion = 8.3.3;
						DevelopmentTeam = 96KV52LNQ2;
						ProvisioningStyle = Automatic;
					};
					C67E14291F705F5A007D41BD = {
						CreatedOnToolsVersion = 8.3.3;
						DevelopmentTeam = 96KV52LNQ2;
						ProvisioningStyle = Automatic;
						TestTargetID = C67E14151F705F5A007D41BD;
					};
					C67E14341F705F5A007D41BD = {
						CreatedOnToolsVersion = 8.3.3;
						DevelopmentTeam = 96KV52LNQ2;
						ProvisioningStyle = Automatic;
						TestTargetID = C67E14151F705F5A007D41BD;
					};
				};
			};
			buildConfigurationList = C67E14111F705F5A007D41BD /* Build configuration list for PBXProject "translateMe" */;
			compatibilityVersion = "Xcode 3.2";
			developmentRegion = English;
			hasScannedForEncodings = 0;
			knownRegions = (
				en,
				Base,
				"zh-Hant",
				"zh-Hans",
			);
			mainGroup = C67E140D1F705F5A007D41BD;
			productRefGroup = C67E14171F705F5A007D41BD /* Products */;
			projectDirPath = "";
			projectRoot = "";
			targets = (
				C67E14151F705F5A007D41BD /* translateMe */,
				C67E14291F705F5A007D41BD /* translateMeTests */,
				C67E14341F705F5A007D41BD /* translateMeUITests */,
				C66709151F7F595D0074710B /* translateMeTestsUnitTest */,
			);
		};
/* End PBXProject section */

/* Begin PBXResourcesBuildPhase section */
		C66709141F7F595D0074710B /* Resources */ = {
			isa = PBXResourcesBuildPhase;
			buildActionMask = 2147483647;
			files = (
			);
			runOnlyForDeploymentPostprocessing = 0;
		};
		C67E14141F705F5A007D41BD /* Resources */ = {
			isa = PBXResourcesBuildPhase;
			buildActionMask = 2147483647;
			files = (
				C669EDC31F85EAEF00242E40 /* about-logo.png in Resources */,
				C63728E31F83EDD500889357 /* placeholder.png in Resources */,
				C68496D31F76FD4400CB5963 /* camera.png in Resources */,
				C68496D81F76FFA900CB5963 /* camera-bold-selected.png in Resources */,
				C6B7E56F1F7C819100ABB75C /* Localizable.strings in Resources */,
				C6563D7C1F70761800E564A5 /* blank_default.png in Resources */,
				C68496D41F76FD4400CB5963 /* translate.png in Resources */,
				C68496E61F773A4300CB5963 /* audio.png in Resources */,
				C67E14241F705F5A007D41BD /* LaunchScreen.storyboard in Resources */,
				C6563D7A1F70633200E564A5 /* launch.JPG in Resources */,
				C67E14211F705F5A007D41BD /* Assets.xcassets in Resources */,
				C68496D61F76FF9E00CB5963 /* translate-bold-selected.png in Resources */,
				C67E141F1F705F5A007D41BD /* Main.storyboard in Resources */,
			);
			runOnlyForDeploymentPostprocessing = 0;
		};
		C67E14281F705F5A007D41BD /* Resources */ = {
			isa = PBXResourcesBuildPhase;
			buildActionMask = 2147483647;
			files = (
			);
			runOnlyForDeploymentPostprocessing = 0;
		};
		C67E14331F705F5A007D41BD /* Resources */ = {
			isa = PBXResourcesBuildPhase;
			buildActionMask = 2147483647;
			files = (
			);
			runOnlyForDeploymentPostprocessing = 0;
		};
/* End PBXResourcesBuildPhase section */

/* Begin PBXShellScriptBuildPhase section */
		050B6693B59D9EDA349E58D7 /* [CP] Check Pods Manifest.lock */ = {
			isa = PBXShellScriptBuildPhase;
			buildActionMask = 2147483647;
			files = (
			);
			inputPaths = (
				"${PODS_PODFILE_DIR_PATH}/Podfile.lock",
				"${PODS_ROOT}/Manifest.lock",
			);
			name = "[CP] Check Pods Manifest.lock";
			outputPaths = (
				"$(DERIVED_FILE_DIR)/Pods-translateMe-checkManifestLockResult.txt",
			);
			runOnlyForDeploymentPostprocessing = 0;
			shellPath = /bin/sh;
			shellScript = "diff \"${PODS_PODFILE_DIR_PATH}/Podfile.lock\" \"${PODS_ROOT}/Manifest.lock\" > /dev/null\nif [ $? != 0 ] ; then\n    # print error to STDERR\n    echo \"error: The sandbox is not in sync with the Podfile.lock. Run 'pod install' or update your CocoaPods installation.\" >&2\n    exit 1\nfi\n# This output is used by Xcode 'outputs' to avoid re-running this script phase.\necho \"SUCCESS\" > \"${SCRIPT_OUTPUT_FILE_0}\"\n";
			showEnvVarsInLog = 0;
		};
		2BF2B5B46C8A5F5C8957B4FB /* [CP] Check Pods Manifest.lock */ = {
			isa = PBXShellScriptBuildPhase;
			buildActionMask = 2147483647;
			files = (
			);
			inputPaths = (
				"${PODS_PODFILE_DIR_PATH}/Podfile.lock",
				"${PODS_ROOT}/Manifest.lock",
			);
			name = "[CP] Check Pods Manifest.lock";
			outputPaths = (
				"$(DERIVED_FILE_DIR)/Pods-translateMeUITests-checkManifestLockResult.txt",
			);
			runOnlyForDeploymentPostprocessing = 0;
			shellPath = /bin/sh;
			shellScript = "diff \"${PODS_PODFILE_DIR_PATH}/Podfile.lock\" \"${PODS_ROOT}/Manifest.lock\" > /dev/null\nif [ $? != 0 ] ; then\n    # print error to STDERR\n    echo \"error: The sandbox is not in sync with the Podfile.lock. Run 'pod install' or update your CocoaPods installation.\" >&2\n    exit 1\nfi\n# This output is used by Xcode 'outputs' to avoid re-running this script phase.\necho \"SUCCESS\" > \"${SCRIPT_OUTPUT_FILE_0}\"\n";
			showEnvVarsInLog = 0;
		};
		2E055AD111AFB082FC24BC11 /* [CP] Embed Pods Frameworks */ = {
			isa = PBXShellScriptBuildPhase;
			buildActionMask = 2147483647;
			files = (
			);
			inputPaths = (
			);
			name = "[CP] Embed Pods Frameworks";
			outputPaths = (
			);
			runOnlyForDeploymentPostprocessing = 0;
			shellPath = /bin/sh;
			shellScript = "\"${SRCROOT}/Pods/Target Support Files/Pods-translateMeTests/Pods-translateMeTests-frameworks.sh\"\n";
			showEnvVarsInLog = 0;
		};
		5342BEB6F67883649723EE68 /* [CP] Embed Pods Frameworks */ = {
			isa = PBXShellScriptBuildPhase;
			buildActionMask = 2147483647;
			files = (
			);
			inputPaths = (
			);
			name = "[CP] Embed Pods Frameworks";
			outputPaths = (
			);
			runOnlyForDeploymentPostprocessing = 0;
			shellPath = /bin/sh;
			shellScript = "\"${SRCROOT}/Pods/Target Support Files/Pods-translateMeUITests/Pods-translateMeUITests-frameworks.sh\"\n";
			showEnvVarsInLog = 0;
		};
		5613DEE2DDCF3970C60CF3AE /* [CP] Copy Pods Resources */ = {
			isa = PBXShellScriptBuildPhase;
			buildActionMask = 2147483647;
			files = (
			);
			inputPaths = (
			);
			name = "[CP] Copy Pods Resources";
			outputPaths = (
			);
			runOnlyForDeploymentPostprocessing = 0;
			shellPath = /bin/sh;
			shellScript = "\"${SRCROOT}/Pods/Target Support Files/Pods-translateMeTests/Pods-translateMeTests-resources.sh\"\n";
			showEnvVarsInLog = 0;
		};
		89988B95DAE6318B5467F26F /* [CP] Embed Pods Frameworks */ = {
			isa = PBXShellScriptBuildPhase;
			buildActionMask = 2147483647;
			files = (
			);
			inputPaths = (
				"${SRCROOT}/Pods/Target Support Files/Pods-translateMe/Pods-translateMe-frameworks.sh",
				"${BUILT_PRODUCTS_DIR}/Alamofire/Alamofire.framework",
				"${PODS_ROOT}/Clarifai-Apple-SDK/Clarifai_Apple_SDK.framework",
			);
			name = "[CP] Embed Pods Frameworks";
			outputPaths = (
				"${TARGET_BUILD_DIR}/${FRAMEWORKS_FOLDER_PATH}/Alamofire.framework",
				"${TARGET_BUILD_DIR}/${FRAMEWORKS_FOLDER_PATH}/Clarifai_Apple_SDK.framework",
			);
			runOnlyForDeploymentPostprocessing = 0;
			shellPath = /bin/sh;
			shellScript = "\"${SRCROOT}/Pods/Target Support Files/Pods-translateMe/Pods-translateMe-frameworks.sh\"\n";
			showEnvVarsInLog = 0;
		};
		89BA765CF22FFDBA8AEB1C93 /* [CP] Check Pods Manifest.lock */ = {
			isa = PBXShellScriptBuildPhase;
			buildActionMask = 2147483647;
			files = (
			);
			inputPaths = (
				"${PODS_PODFILE_DIR_PATH}/Podfile.lock",
				"${PODS_ROOT}/Manifest.lock",
			);
			name = "[CP] Check Pods Manifest.lock";
			outputPaths = (
				"$(DERIVED_FILE_DIR)/Pods-translateMeTests-checkManifestLockResult.txt",
			);
			runOnlyForDeploymentPostprocessing = 0;
			shellPath = /bin/sh;
			shellScript = "diff \"${PODS_PODFILE_DIR_PATH}/Podfile.lock\" \"${PODS_ROOT}/Manifest.lock\" > /dev/null\nif [ $? != 0 ] ; then\n    # print error to STDERR\n    echo \"error: The sandbox is not in sync with the Podfile.lock. Run 'pod install' or update your CocoaPods installation.\" >&2\n    exit 1\nfi\n# This output is used by Xcode 'outputs' to avoid re-running this script phase.\necho \"SUCCESS\" > \"${SCRIPT_OUTPUT_FILE_0}\"\n";
			showEnvVarsInLog = 0;
		};
		CFCC6C1B81807CFFDA654EC4 /* [CP] Copy Pods Resources */ = {
			isa = PBXShellScriptBuildPhase;
			buildActionMask = 2147483647;
			files = (
			);
			inputPaths = (
			);
			name = "[CP] Copy Pods Resources";
			outputPaths = (
			);
			runOnlyForDeploymentPostprocessing = 0;
			shellPath = /bin/sh;
			shellScript = "\"${SRCROOT}/Pods/Target Support Files/Pods-translateMe/Pods-translateMe-resources.sh\"\n";
			showEnvVarsInLog = 0;
		};
		FB48555B76B7EC4291AF9193 /* [CP] Copy Pods Resources */ = {
			isa = PBXShellScriptBuildPhase;
			buildActionMask = 2147483647;
			files = (
			);
			inputPaths = (
			);
			name = "[CP] Copy Pods Resources";
			outputPaths = (
			);
			runOnlyForDeploymentPostprocessing = 0;
			shellPath = /bin/sh;
			shellScript = "\"${SRCROOT}/Pods/Target Support Files/Pods-translateMeUITests/Pods-translateMeUITests-resources.sh\"\n";
			showEnvVarsInLog = 0;
		};
/* End PBXShellScriptBuildPhase section */

/* Begin PBXSourcesBuildPhase section */
		C66709121F7F595D0074710B /* Sources */ = {
			isa = PBXSourcesBuildPhase;
			buildActionMask = 2147483647;
			files = (
				C66709191F7F595D0074710B /* translateMeTestsUnitTest.swift in Sources */,
			);
			runOnlyForDeploymentPostprocessing = 0;
		};
		C67E14121F705F5A007D41BD /* Sources */ = {
			isa = PBXSourcesBuildPhase;
			buildActionMask = 2147483647;
			files = (
				C617BFAD1F75AE2100152446 /* PopupViewController.swift in Sources */,
				C67E141C1F705F5A007D41BD /* MainViewController.swift in Sources */,
				C6563D7E1F70774700E564A5 /* TableViewController.swift in Sources */,
				C68496EA1F7765AF00CB5963 /* LanguageTableViewController.swift in Sources */,
				C68496E81F7740E000CB5963 /* SettingsViewController.swift in Sources */,
				C60A51451F7B378700F668F3 /* misc.swift in Sources */,
				C669EDC11F85E10500242E40 /* AboutViewController.swift in Sources */,
				C67E141A1F705F5A007D41BD /* AppDelegate.swift in Sources */,
			);
			runOnlyForDeploymentPostprocessing = 0;
		};
		C67E14261F705F5A007D41BD /* Sources */ = {
			isa = PBXSourcesBuildPhase;
			buildActionMask = 2147483647;
			files = (
				C67E142F1F705F5A007D41BD /* translateMeTests.swift in Sources */,
			);
			runOnlyForDeploymentPostprocessing = 0;
		};
		C67E14311F705F5A007D41BD /* Sources */ = {
			isa = PBXSourcesBuildPhase;
			buildActionMask = 2147483647;
			files = (
				C67E143A1F705F5A007D41BD /* translateMeUITests.swift in Sources */,
			);
			runOnlyForDeploymentPostprocessing = 0;
		};
/* End PBXSourcesBuildPhase section */

/* Begin PBXTargetDependency section */
		C667091C1F7F595D0074710B /* PBXTargetDependency */ = {
			isa = PBXTargetDependency;
			target = C67E14151F705F5A007D41BD /* translateMe */;
			targetProxy = C667091B1F7F595D0074710B /* PBXContainerItemProxy */;
		};
		C67E142C1F705F5A007D41BD /* PBXTargetDependency */ = {
			isa = PBXTargetDependency;
			target = C67E14151F705F5A007D41BD /* translateMe */;
			targetProxy = C67E142B1F705F5A007D41BD /* PBXContainerItemProxy */;
		};
		C67E14371F705F5A007D41BD /* PBXTargetDependency */ = {
			isa = PBXTargetDependency;
			target = C67E14151F705F5A007D41BD /* translateMe */;
			targetProxy = C67E14361F705F5A007D41BD /* PBXContainerItemProxy */;
		};
/* End PBXTargetDependency section */

/* Begin PBXVariantGroup section */
		C67E141D1F705F5A007D41BD /* Main.storyboard */ = {
			isa = PBXVariantGroup;
			children = (
				C67E141E1F705F5A007D41BD /* Base */,
				C6B7E56B1F7C812D00ABB75C /* zh-Hant */,
				C669EDC41F85F04800242E40 /* zh-Hans */,
			);
			name = Main.storyboard;
			sourceTree = "<group>";
		};
		C67E14221F705F5A007D41BD /* LaunchScreen.storyboard */ = {
			isa = PBXVariantGroup;
			children = (
				C67E14231F705F5A007D41BD /* Base */,
				C6B7E56C1F7C812D00ABB75C /* zh-Hant */,
				C669EDC51F85F04800242E40 /* zh-Hans */,
			);
			name = LaunchScreen.storyboard;
			sourceTree = "<group>";
		};
		C6B7E56D1F7C819100ABB75C /* Localizable.strings */ = {
			isa = PBXVariantGroup;
			children = (
				C6B7E56E1F7C819100ABB75C /* Base */,
				C6B7E5701F7C81B300ABB75C /* zh-Hant */,
				C669EDC61F85F04900242E40 /* zh-Hans */,
			);
			name = Localizable.strings;
			sourceTree = "<group>";
		};
/* End PBXVariantGroup section */

/* Begin XCBuildConfiguration section */
		C667091D1F7F595D0074710B /* Debug */ = {
			isa = XCBuildConfiguration;
			buildSettings = {
				BUNDLE_LOADER = "$(TEST_HOST)";
				CLANG_CXX_LANGUAGE_STANDARD = "gnu++14";
				CLANG_WARN_BLOCK_CAPTURE_AUTORELEASING = YES;
				CLANG_WARN_COMMA = YES;
				CLANG_WARN_NON_LITERAL_NULL_CONVERSION = YES;
				CLANG_WARN_OBJC_LITERAL_CONVERSION = YES;
				CLANG_WARN_RANGE_LOOP_ANALYSIS = YES;
				CLANG_WARN_STRICT_PROTOTYPES = YES;
				CLANG_WARN_UNGUARDED_AVAILABILITY = YES_AGGRESSIVE;
				CODE_SIGN_IDENTITY = "iPhone Developer";
				CODE_SIGN_STYLE = Automatic;
				DEVELOPMENT_TEAM = 96KV52LNQ2;
				GCC_C_LANGUAGE_STANDARD = gnu11;
				INFOPLIST_FILE = translateMeTestsUnitTest/Info.plist;
				IPHONEOS_DEPLOYMENT_TARGET = 11.0;
				LD_RUNPATH_SEARCH_PATHS = "$(inherited) @executable_path/Frameworks @loader_path/Frameworks";
				PRODUCT_BUNDLE_IDENTIFIER = com.mk200789.translateMeTestsUnitTest;
				PRODUCT_NAME = "$(TARGET_NAME)";
				SWIFT_VERSION = 4.0;
				TARGETED_DEVICE_FAMILY = "1,2";
				TEST_HOST = "$(BUILT_PRODUCTS_DIR)/translateMe.app/translateMe";
			};
			name = Debug;
		};
		C667091E1F7F595D0074710B /* Release */ = {
			isa = XCBuildConfiguration;
			buildSettings = {
				BUNDLE_LOADER = "$(TEST_HOST)";
				CLANG_CXX_LANGUAGE_STANDARD = "gnu++14";
				CLANG_WARN_BLOCK_CAPTURE_AUTORELEASING = YES;
				CLANG_WARN_COMMA = YES;
				CLANG_WARN_NON_LITERAL_NULL_CONVERSION = YES;
				CLANG_WARN_OBJC_LITERAL_CONVERSION = YES;
				CLANG_WARN_RANGE_LOOP_ANALYSIS = YES;
				CLANG_WARN_STRICT_PROTOTYPES = YES;
				CLANG_WARN_UNGUARDED_AVAILABILITY = YES_AGGRESSIVE;
				CODE_SIGN_IDENTITY = "iPhone Developer";
				CODE_SIGN_STYLE = Automatic;
				DEVELOPMENT_TEAM = 96KV52LNQ2;
				GCC_C_LANGUAGE_STANDARD = gnu11;
				INFOPLIST_FILE = translateMeTestsUnitTest/Info.plist;
				IPHONEOS_DEPLOYMENT_TARGET = 11.0;
				LD_RUNPATH_SEARCH_PATHS = "$(inherited) @executable_path/Frameworks @loader_path/Frameworks";
				PRODUCT_BUNDLE_IDENTIFIER = com.mk200789.translateMeTestsUnitTest;
				PRODUCT_NAME = "$(TARGET_NAME)";
				SWIFT_VERSION = 4.0;
				TARGETED_DEVICE_FAMILY = "1,2";
				TEST_HOST = "$(BUILT_PRODUCTS_DIR)/translateMe.app/translateMe";
			};
			name = Release;
		};
		C67E143C1F705F5A007D41BD /* Debug */ = {
			isa = XCBuildConfiguration;
			buildSettings = {
				ALWAYS_SEARCH_USER_PATHS = NO;
				CLANG_ANALYZER_LOCALIZABILITY_NONLOCALIZED = YES;
				CLANG_ANALYZER_NONNULL = YES;
				CLANG_ANALYZER_NUMBER_OBJECT_CONVERSION = YES_AGGRESSIVE;
				CLANG_CXX_LANGUAGE_STANDARD = "gnu++0x";
				CLANG_CXX_LIBRARY = "libc++";
				CLANG_ENABLE_MODULES = YES;
				CLANG_ENABLE_OBJC_ARC = YES;
				CLANG_WARN_BLOCK_CAPTURE_AUTORELEASING = YES;
				CLANG_WARN_BOOL_CONVERSION = YES;
				CLANG_WARN_COMMA = YES;
				CLANG_WARN_CONSTANT_CONVERSION = YES;
				CLANG_WARN_DIRECT_OBJC_ISA_USAGE = YES_ERROR;
				CLANG_WARN_DOCUMENTATION_COMMENTS = YES;
				CLANG_WARN_EMPTY_BODY = YES;
				CLANG_WARN_ENUM_CONVERSION = YES;
				CLANG_WARN_INFINITE_RECURSION = YES;
				CLANG_WARN_INT_CONVERSION = YES;
				CLANG_WARN_NON_LITERAL_NULL_CONVERSION = YES;
				CLANG_WARN_OBJC_LITERAL_CONVERSION = YES;
				CLANG_WARN_OBJC_ROOT_CLASS = YES_ERROR;
				CLANG_WARN_RANGE_LOOP_ANALYSIS = YES;
				CLANG_WARN_STRICT_PROTOTYPES = YES;
				CLANG_WARN_SUSPICIOUS_MOVE = YES;
				CLANG_WARN_UNREACHABLE_CODE = YES;
				CLANG_WARN__DUPLICATE_METHOD_MATCH = YES;
				CODE_SIGN_IDENTITY = "iPhone Developer: Wan Kim Mok (AMF92B5VK4)";
				"CODE_SIGN_IDENTITY[sdk=iphoneos*]" = "iPhone Developer: Wan Kim Mok (AMF92B5VK4)";
				COPY_PHASE_STRIP = NO;
				DEBUG_INFORMATION_FORMAT = dwarf;
				ENABLE_STRICT_OBJC_MSGSEND = YES;
				ENABLE_TESTABILITY = YES;
				GCC_C_LANGUAGE_STANDARD = gnu99;
				GCC_DYNAMIC_NO_PIC = NO;
				GCC_NO_COMMON_BLOCKS = YES;
				GCC_OPTIMIZATION_LEVEL = 0;
				GCC_PREPROCESSOR_DEFINITIONS = (
					"DEBUG=1",
					"$(inherited)",
				);
				GCC_WARN_64_TO_32_BIT_CONVERSION = YES;
				GCC_WARN_ABOUT_RETURN_TYPE = YES_ERROR;
				GCC_WARN_UNDECLARED_SELECTOR = YES;
				GCC_WARN_UNINITIALIZED_AUTOS = YES_AGGRESSIVE;
				GCC_WARN_UNUSED_FUNCTION = YES;
				GCC_WARN_UNUSED_VARIABLE = YES;
				IPHONEOS_DEPLOYMENT_TARGET = 9.0;
				MTL_ENABLE_DEBUG_INFO = YES;
				ONLY_ACTIVE_ARCH = YES;
				SDKROOT = iphoneos;
				SWIFT_ACTIVE_COMPILATION_CONDITIONS = DEBUG;
				SWIFT_OPTIMIZATION_LEVEL = "-Onone";
			};
			name = Debug;
		};
		C67E143D1F705F5A007D41BD /* Release */ = {
			isa = XCBuildConfiguration;
			buildSettings = {
				ALWAYS_SEARCH_USER_PATHS = NO;
				CLANG_ANALYZER_LOCALIZABILITY_NONLOCALIZED = YES;
				CLANG_ANALYZER_NONNULL = YES;
				CLANG_ANALYZER_NUMBER_OBJECT_CONVERSION = YES_AGGRESSIVE;
				CLANG_CXX_LANGUAGE_STANDARD = "gnu++0x";
				CLANG_CXX_LIBRARY = "libc++";
				CLANG_ENABLE_MODULES = YES;
				CLANG_ENABLE_OBJC_ARC = YES;
				CLANG_WARN_BLOCK_CAPTURE_AUTORELEASING = YES;
				CLANG_WARN_BOOL_CONVERSION = YES;
				CLANG_WARN_COMMA = YES;
				CLANG_WARN_CONSTANT_CONVERSION = YES;
				CLANG_WARN_DIRECT_OBJC_ISA_USAGE = YES_ERROR;
				CLANG_WARN_DOCUMENTATION_COMMENTS = YES;
				CLANG_WARN_EMPTY_BODY = YES;
				CLANG_WARN_ENUM_CONVERSION = YES;
				CLANG_WARN_INFINITE_RECURSION = YES;
				CLANG_WARN_INT_CONVERSION = YES;
				CLANG_WARN_NON_LITERAL_NULL_CONVERSION = YES;
				CLANG_WARN_OBJC_LITERAL_CONVERSION = YES;
				CLANG_WARN_OBJC_ROOT_CLASS = YES_ERROR;
				CLANG_WARN_RANGE_LOOP_ANALYSIS = YES;
				CLANG_WARN_STRICT_PROTOTYPES = YES;
				CLANG_WARN_SUSPICIOUS_MOVE = YES;
				CLANG_WARN_UNREACHABLE_CODE = YES;
				CLANG_WARN__DUPLICATE_METHOD_MATCH = YES;
				CODE_SIGN_IDENTITY = "iPhone Distribution: Wan Kim Mok (96KV52LNQ2)";
				"CODE_SIGN_IDENTITY[sdk=iphoneos*]" = "iPhone Distribution: Wan Kim Mok (96KV52LNQ2)";
				COPY_PHASE_STRIP = NO;
				DEBUG_INFORMATION_FORMAT = "dwarf-with-dsym";
				ENABLE_NS_ASSERTIONS = NO;
				ENABLE_STRICT_OBJC_MSGSEND = YES;
				GCC_C_LANGUAGE_STANDARD = gnu99;
				GCC_NO_COMMON_BLOCKS = YES;
				GCC_WARN_64_TO_32_BIT_CONVERSION = YES;
				GCC_WARN_ABOUT_RETURN_TYPE = YES_ERROR;
				GCC_WARN_UNDECLARED_SELECTOR = YES;
				GCC_WARN_UNINITIALIZED_AUTOS = YES_AGGRESSIVE;
				GCC_WARN_UNUSED_FUNCTION = YES;
				GCC_WARN_UNUSED_VARIABLE = YES;
				IPHONEOS_DEPLOYMENT_TARGET = 9.0;
				MTL_ENABLE_DEBUG_INFO = NO;
				SDKROOT = iphoneos;
				SWIFT_OPTIMIZATION_LEVEL = "-Owholemodule";
				VALIDATE_PRODUCT = YES;
			};
			name = Release;
		};
		C67E143F1F705F5A007D41BD /* Debug */ = {
			isa = XCBuildConfiguration;
			baseConfigurationReference = 9A4CFEFFB154B4C8CA686115 /* Pods-translateMe.debug.xcconfig */;
			buildSettings = {
				ASSETCATALOG_COMPILER_APPICON_NAME = AppIcon;
				"CODE_SIGN_IDENTITY[sdk=iphoneos*]" = "iPhone Developer";
				CODE_SIGN_STYLE = Automatic;
				DEVELOPMENT_TEAM = 96KV52LNQ2;
				INFOPLIST_FILE = translateMe/Info.plist;
				IPHONEOS_DEPLOYMENT_TARGET = 9.0;
				LD_RUNPATH_SEARCH_PATHS = "$(inherited) @executable_path/Frameworks";
				PRODUCT_BUNDLE_IDENTIFIER = com.wankimmok.translateMe;
				PRODUCT_NAME = "$(TARGET_NAME)";
				PROVISIONING_PROFILE_SPECIFIER = "";
				SWIFT_VERSION = 3.0;
			};
			name = Debug;
		};
		C67E14401F705F5A007D41BD /* Release */ = {
			isa = XCBuildConfiguration;
			baseConfigurationReference = A33DC9E966E644F3ACF44212 /* Pods-translateMe.release.xcconfig */;
			buildSettings = {
				ASSETCATALOG_COMPILER_APPICON_NAME = AppIcon;
				"CODE_SIGN_IDENTITY[sdk=iphoneos*]" = "iPhone Developer";
				CODE_SIGN_STYLE = Automatic;
				DEVELOPMENT_TEAM = 96KV52LNQ2;
				INFOPLIST_FILE = translateMe/Info.plist;
				IPHONEOS_DEPLOYMENT_TARGET = 9.0;
				LD_RUNPATH_SEARCH_PATHS = "$(inherited) @executable_path/Frameworks";
				PRODUCT_BUNDLE_IDENTIFIER = com.wankimmok.translateMe;
				PRODUCT_NAME = "$(TARGET_NAME)";
				PROVISIONING_PROFILE_SPECIFIER = "";
				SWIFT_VERSION = 3.0;
			};
			name = Release;
		};
		C67E14421F705F5A007D41BD /* Debug */ = {
			isa = XCBuildConfiguration;
			baseConfigurationReference = 1776475C17ECC8E44112BA92 /* Pods-translateMeTests.debug.xcconfig */;
			buildSettings = {
				ALWAYS_EMBED_SWIFT_STANDARD_LIBRARIES = YES;
				BUNDLE_LOADER = "$(TEST_HOST)";
				DEVELOPMENT_TEAM = 96KV52LNQ2;
				INFOPLIST_FILE = translateMeTests/Info.plist;
				LD_RUNPATH_SEARCH_PATHS = "$(inherited) @executable_path/Frameworks @loader_path/Frameworks";
				PRODUCT_BUNDLE_IDENTIFIER = com.mk200789.translateMeTests;
				PRODUCT_NAME = "$(TARGET_NAME)";
				SWIFT_VERSION = 3.0;
				TEST_HOST = "$(BUILT_PRODUCTS_DIR)/translateMe.app/translateMe";
			};
			name = Debug;
		};
		C67E14431F705F5A007D41BD /* Release */ = {
			isa = XCBuildConfiguration;
			baseConfigurationReference = F1BC4C1FA343CD99A1DF0AB5 /* Pods-translateMeTests.release.xcconfig */;
			buildSettings = {
				ALWAYS_EMBED_SWIFT_STANDARD_LIBRARIES = YES;
				BUNDLE_LOADER = "$(TEST_HOST)";
				DEVELOPMENT_TEAM = 96KV52LNQ2;
				INFOPLIST_FILE = translateMeTests/Info.plist;
				LD_RUNPATH_SEARCH_PATHS = "$(inherited) @executable_path/Frameworks @loader_path/Frameworks";
				PRODUCT_BUNDLE_IDENTIFIER = com.mk200789.translateMeTests;
				PRODUCT_NAME = "$(TARGET_NAME)";
				SWIFT_VERSION = 3.0;
				TEST_HOST = "$(BUILT_PRODUCTS_DIR)/translateMe.app/translateMe";
			};
			name = Release;
		};
		C67E14451F705F5A007D41BD /* Debug */ = {
			isa = XCBuildConfiguration;
			baseConfigurationReference = 5C5D40C43B9C278F906FA0B7 /* Pods-translateMeUITests.debug.xcconfig */;
			buildSettings = {
				ALWAYS_EMBED_SWIFT_STANDARD_LIBRARIES = YES;
				DEVELOPMENT_TEAM = 96KV52LNQ2;
				INFOPLIST_FILE = translateMeUITests/Info.plist;
				LD_RUNPATH_SEARCH_PATHS = "$(inherited) @executable_path/Frameworks @loader_path/Frameworks";
				PRODUCT_BUNDLE_IDENTIFIER = com.mk200789.translateMeUITests;
				PRODUCT_NAME = "$(TARGET_NAME)";
				SWIFT_VERSION = 3.0;
				TEST_TARGET_NAME = translateMe;
			};
			name = Debug;
		};
		C67E14461F705F5A007D41BD /* Release */ = {
			isa = XCBuildConfiguration;
			baseConfigurationReference = A3CF8A0D77AD2B2951E48CD7 /* Pods-translateMeUITests.release.xcconfig */;
			buildSettings = {
				ALWAYS_EMBED_SWIFT_STANDARD_LIBRARIES = YES;
				DEVELOPMENT_TEAM = 96KV52LNQ2;
				INFOPLIST_FILE = translateMeUITests/Info.plist;
				LD_RUNPATH_SEARCH_PATHS = "$(inherited) @executable_path/Frameworks @loader_path/Frameworks";
				PRODUCT_BUNDLE_IDENTIFIER = com.mk200789.translateMeUITests;
				PRODUCT_NAME = "$(TARGET_NAME)";
				SWIFT_VERSION = 3.0;
				TEST_TARGET_NAME = translateMe;
			};
			name = Release;
		};
/* End XCBuildConfiguration section */

/* Begin XCConfigurationList section */
		C667091F1F7F595D0074710B /* Build configuration list for PBXNativeTarget "translateMeTestsUnitTest" */ = {
			isa = XCConfigurationList;
			buildConfigurations = (
				C667091D1F7F595D0074710B /* Debug */,
				C667091E1F7F595D0074710B /* Release */,
			);
			defaultConfigurationIsVisible = 0;
			defaultConfigurationName = Release;
		};
		C67E14111F705F5A007D41BD /* Build configuration list for PBXProject "translateMe" */ = {
			isa = XCConfigurationList;
			buildConfigurations = (
				C67E143C1F705F5A007D41BD /* Debug */,
				C67E143D1F705F5A007D41BD /* Release */,
			);
			defaultConfigurationIsVisible = 0;
			defaultConfigurationName = Release;
		};
		C67E143E1F705F5A007D41BD /* Build configuration list for PBXNativeTarget "translateMe" */ = {
			isa = XCConfigurationList;
			buildConfigurations = (
				C67E143F1F705F5A007D41BD /* Debug */,
				C67E14401F705F5A007D41BD /* Release */,
			);
			defaultConfigurationIsVisible = 0;
			defaultConfigurationName = Release;
		};
		C67E14411F705F5A007D41BD /* Build configuration list for PBXNativeTarget "translateMeTests" */ = {
			isa = XCConfigurationList;
			buildConfigurations = (
				C67E14421F705F5A007D41BD /* Debug */,
				C67E14431F705F5A007D41BD /* Release */,
			);
			defaultConfigurationIsVisible = 0;
			defaultConfigurationName = Release;
		};
		C67E14441F705F5A007D41BD /* Build configuration list for PBXNativeTarget "translateMeUITests" */ = {
			isa = XCConfigurationList;
			buildConfigurations = (
				C67E14451F705F5A007D41BD /* Debug */,
				C67E14461F705F5A007D41BD /* Release */,
			);
			defaultConfigurationIsVisible = 0;
			defaultConfigurationName = Release;
		};
/* End XCConfigurationList section */
	};
	rootObject = C67E140E1F705F5A007D41BD /* Project object */;
}
