// !$*UTF8*$!
{
	archiveVersion = 1;
	classes = {
	};
	objectVersion = 46;
	objects = {

/* Begin PBXBuildFile section */
		C67E141A1F705F5A007D41BD /* AppDelegate.swift in Sources */ = {isa = PBXBuildFile; fileRef = C67E14191F705F5A007D41BD /* AppDelegate.swift */; };
		C67E141C1F705F5A007D41BD /* ViewController.swift in Sources */ = {isa = PBXBuildFile; fileRef = C67E141B1F705F5A007D41BD /* ViewController.swift */; };
		C67E141F1F705F5A007D41BD /* Main.storyboard in Resources */ = {isa = PBXBuildFile; fileRef = C67E141D1F705F5A007D41BD /* Main.storyboard */; };
		C67E14211F705F5A007D41BD /* Assets.xcassets in Resources */ = {isa = PBXBuildFile; fileRef = C67E14201F705F5A007D41BD /* Assets.xcassets */; };
		C67E14241F705F5A007D41BD /* LaunchScreen.storyboard in Resources */ = {isa = PBXBuildFile; fileRef = C67E14221F705F5A007D41BD /* LaunchScreen.storyboard */; };
		C67E142F1F705F5A007D41BD /* translateMeTests.swift in Sources */ = {isa = PBXBuildFile; fileRef = C67E142E1F705F5A007D41BD /* translateMeTests.swift */; };
		C67E143A1F705F5A007D41BD /* translateMeUITests.swift in Sources */ = {isa = PBXBuildFile; fileRef = C67E14391F705F5A007D41BD /* translateMeUITests.swift */; };
/* End PBXBuildFile section */

/* Begin PBXContainerItemProxy section */
		C67E142B1F705F5A007D41BD /* PBXContainerItemProxy */ = {
			isa = PBXContainerItemProxy;
			containerPortal = C67E140E1F705F5A007D41BD /* Project object */;
			proxyType = 1;
			remoteGlobalIDString = C67E14151F705F5A007D41BD;
			remoteInfo = translateMe;
		};
		C67E14361F705F5A007D41BD /* PBXContainerItemProxy */ = {
			isa = PBXContainerItemProxy;
			containerPortal = C67E140E1F705F5A007D41BD /* Project object */;
			proxyType = 1;
			remoteGlobalIDString = C67E14151F705F5A007D41BD;
			remoteInfo = translateMe;
		};
/* End PBXContainerItemProxy section */

/* Begin PBXFileReference section */
		C67E14161F705F5A007D41BD /* translateMe.app */ = {isa = PBXFileReference; explicitFileType = wrapper.application; includeInIndex = 0; path = translateMe.app; sourceTree = BUILT_PRODUCTS_DIR; };
		C67E14191F705F5A007D41BD /* AppDelegate.swift */ = {isa = PBXFileReference; lastKnownFileType = sourcecode.swift; path = AppDelegate.swift; sourceTree = "<group>"; };
		C67E141B1F705F5A007D41BD /* ViewController.swift */ = {isa = PBXFileReference; lastKnownFileType = sourcecode.swift; path = ViewController.swift; sourceTree = "<group>"; };
		C67E141E1F705F5A007D41BD /* Base */ = {isa = PBXFileReference; lastKnownFileType = file.storyboard; name = Base; path = Base.lproj/Main.storyboard; sourceTree = "<group>"; };
		C67E14201F705F5A007D41BD /* Assets.xcassets */ = {isa = PBXFileReference; lastKnownFileType = folder.assetcatalog; path = Assets.xcassets; sourceTree = "<group>"; };
		C67E14231F705F5A007D41BD /* Base */ = {isa = PBXFileReference; lastKnownFileType = file.storyboard; name = Base; path = Base.lproj/LaunchScreen.storyboard; sourceTree = "<group>"; };
		C67E14251F705F5A007D41BD /* Info.plist */ = {isa = PBXFileReference; lastKnownFileType = text.plist.xml; path = Info.plist; sourceTree = "<group>"; };
		C67E142A1F705F5A007D41BD /* translateMeTests.xctest */ = {isa = PBXFileReference; explicitFileType = wrapper.cfbundle; includeInIndex = 0; path = translateMeTests.xctest; sourceTree = BUILT_PRODUCTS_DIR; };
		C67E142E1F705F5A007D41BD /* translateMeTests.swift */ = {isa = PBXFileReference; lastKnownFileType = sourcecode.swift; path = translateMeTests.swift; sourceTree = "<group>"; };
		C67E14301F705F5A007D41BD /* Info.plist */ = {isa = PBXFileReference; lastKnownFileType = text.plist.xml; path = Info.plist; sourceTree = "<group>"; };
		C67E14351F705F5A007D41BD /* translateMeUITests.xctest */ = {isa = PBXFileReference; explicitFileType = wrapper.cfbundle; includeInIndex = 0; path = translateMeUITests.xctest; sourceTree = BUILT_PRODUCTS_DIR; };
		C67E14391F705F5A007D41BD /* translateMeUITests.swift */ = {isa = PBXFileReference; lastKnownFileType = sourcecode.swift; path = translateMeUITests.swift; sourceTree = "<group>"; };
		C67E143B1F705F5A007D41BD /* Info.plist */ = {isa = PBXFileReference; lastKnownFileType = text.plist.xml; path = Info.plist; sourceTree = "<group>"; };
/* End PBXFileReference section */

/* Begin PBXFrameworksBuildPhase section */
		C67E14131F705F5A007D41BD /* Frameworks */ = {
			isa = PBXFrameworksBuildPhase;
			buildActionMask = 2147483647;
			files = (
			);
			runOnlyForDeploymentPostprocessing = 0;
		};
		C67E14271F705F5A007D41BD /* Frameworks */ = {
			isa = PBXFrameworksBuildPhase;
			buildActionMask = 2147483647;
			files = (
			);
			runOnlyForDeploymentPostprocessing = 0;
		};
		C67E14321F705F5A007D41BD /* Frameworks */ = {
			isa = PBXFrameworksBuildPhase;
			buildActionMask = 2147483647;
			files = (
			);
			runOnlyForDeploymentPostprocessing = 0;
		};
/* End PBXFrameworksBuildPhase section */

/* Begin PBXGroup section */
		C67E140D1F705F5A007D41BD = {
			isa = PBXGroup;
			children = (
				C67E14181F705F5A007D41BD /* translateMe */,
				C67E142D1F705F5A007D41BD /* translateMeTests */,
				C67E14381F705F5A007D41BD /* translateMeUITests */,
				C67E14171F705F5A007D41BD /* Products */,
			);
			sourceTree = "<group>";
		};
		C67E14171F705F5A007D41BD /* Products */ = {
			isa = PBXGroup;
			children = (
				C67E14161F705F5A007D41BD /* translateMe.app */,
				C67E142A1F705F5A007D41BD /* translateMeTests.xctest */,
				C67E14351F705F5A007D41BD /* translateMeUITests.xctest */,
			);
			name = Products;
			sourceTree = "<group>";
		};
		C67E14181F705F5A007D41BD /* translateMe */ = {
			isa = PBXGroup;
			children = (
				C67E14191F705F5A007D41BD /* AppDelegate.swift */,
				C67E141B1F705F5A007D41BD /* ViewController.swift */,
				C67E141D1F705F5A007D41BD /* Main.storyboard */,
				C67E14201F705F5A007D41BD /* Assets.xcassets */,
				C67E14221F705F5A007D41BD /* LaunchScreen.storyboard */,
				C67E14251F705F5A007D41BD /* Info.plist */,
			);
			path = translateMe;
			sourceTree = "<group>";
		};
		C67E142D1F705F5A007D41BD /* translateMeTests */ = {
			isa = PBXGroup;
			children = (
				C67E142E1F705F5A007D41BD /* translateMeTests.swift */,
				C67E14301F705F5A007D41BD /* Info.plist */,
			);
			path = translateMeTests;
			sourceTree = "<group>";
		};
		C67E14381F705F5A007D41BD /* translateMeUITests */ = {
			isa = PBXGroup;
			children = (
				C67E14391F705F5A007D41BD /* translateMeUITests.swift */,
				C67E143B1F705F5A007D41BD /* Info.plist */,
			);
			path = translateMeUITests;
			sourceTree = "<group>";
		};
/* End PBXGroup section */

/* Begin PBXNativeTarget section */
		C67E14151F705F5A007D41BD /* translateMe */ = {
			isa = PBXNativeTarget;
			buildConfigurationList = C67E143E1F705F5A007D41BD /* Build configuration list for PBXNativeTarget "translateMe" */;
			buildPhases = (
				C67E14121F705F5A007D41BD /* Sources */,
				C67E14131F705F5A007D41BD /* Frameworks */,
				C67E14141F705F5A007D41BD /* Resources */,
			);
			buildRules = (
			);
			dependencies = (
			);
			name = translateMe;
			productName = translateMe;
			productReference = C67E14161F705F5A007D41BD /* translateMe.app */;
			productType = "com.apple.product-type.application";
		};
		C67E14291F705F5A007D41BD /* translateMeTests */ = {
			isa = PBXNativeTarget;
			buildConfigurationList = C67E14411F705F5A007D41BD /* Build configuration list for PBXNativeTarget "translateMeTests" */;
			buildPhases = (
				C67E14261F705F5A007D41BD /* Sources */,
				C67E14271F705F5A007D41BD /* Frameworks */,
				C67E14281F705F5A007D41BD /* Resources */,
			);
			buildRules = (
			);
			dependencies = (
				C67E142C1F705F5A007D41BD /* PBXTargetDependency */,
			);
			name = translateMeTests;
			productName = translateMeTests;
			productReference = C67E142A1F705F5A007D41BD /* translateMeTests.xctest */;
			productType = "com.apple.product-type.bundle.unit-test";
		};
		C67E14341F705F5A007D41BD /* translateMeUITests */ = {
			isa = PBXNativeTarget;
			buildConfigurationList = C67E14441F705F5A007D41BD /* Build configuration list for PBXNativeTarget "translateMeUITests" */;
			buildPhases = (
				C67E14311F705F5A007D41BD /* Sources */,
				C67E14321F705F5A007D41BD /* Frameworks */,
				C67E14331F705F5A007D41BD /* Resources */,
			);
			buildRules = (
			);
			dependencies = (
				C67E14371F705F5A007D41BD /* PBXTargetDependency */,
			);
			name = translateMeUITests;
			productName = translateMeUITests;
			productReference = C67E14351F705F5A007D41BD /* translateMeUITests.xctest */;
			productType = "com.apple.product-type.bundle.ui-testing";
		};
/* End PBXNativeTarget section */

/* Begin PBXProject section */
		C67E140E1F705F5A007D41BD /* Project object */ = {
			isa = PBXProject;
			attributes = {
				LastSwiftUpdateCheck = 0830;
				LastUpgradeCheck = 0830;
				ORGANIZATIONNAME = "Wan Kim Mok";
				TargetAttributes = {
					C67E14151F705F5A007D41BD = {
						CreatedOnToolsVersion = 8.3.3;
						DevelopmentTeam = 96KV52LNQ2;
						ProvisioningStyle = Automatic;
					};
					C67E14291F705F5A007D41BD = {
						CreatedOnToolsVersion = 8.3.3;
						DevelopmentTeam = 96KV52LNQ2;
						ProvisioningStyle = Automatic;
						TestTargetID = C67E14151F705F5A007D41BD;
					};
					C67E14341F705F5A007D41BD = {
						CreatedOnToolsVersion = 8.3.3;
						DevelopmentTeam = 96KV52LNQ2;
						ProvisioningStyle = Automatic;
						TestTargetID = C67E14151F705F5A007D41BD;
					};
				};
			};
			buildConfigurationList = C67E14111F705F5A007D41BD /* Build configuration list for PBXProject "translateMe" */;
			compatibilityVersion = "Xcode 3.2";
			developmentRegion = English;
			hasScannedForEncodings = 0;
			knownRegions = (
				en,
				Base,
			);
			mainGroup = C67E140D1F705F5A007D41BD;
			productRefGroup = C67E14171F705F5A007D41BD /* Products */;
			projectDirPath = "";
			projectRoot = "";
			targets = (
				C67E14151F705F5A007D41BD /* translateMe */,
				C67E14291F705F5A007D41BD /* translateMeTests */,
				C67E14341F705F5A007D41BD /* translateMeUITests */,
			);
		};
/* End PBXProject section */

/* Begin PBXResourcesBuildPhase section */
		C67E14141F705F5A007D41BD /* Resources */ = {
			isa = PBXResourcesBuildPhase;
			buildActionMask = 2147483647;
			files = (
				C67E14241F705F5A007D41BD /* LaunchScreen.storyboard in Resources */,
				C67E14211F705F5A007D41BD /* Assets.xcassets in Resources */,
				C67E141F1F705F5A007D41BD /* Main.storyboard in Resources */,
			);
			runOnlyForDeploymentPostprocessing = 0;
		};
		C67E14281F705F5A007D41BD /* Resources */ = {
			isa = PBXResourcesBuildPhase;
			buildActionMask = 2147483647;
			files = (
			);
			runOnlyForDeploymentPostprocessing = 0;
		};
		C67E14331F705F5A007D41BD /* Resources */ = {
			isa = PBXResourcesBuildPhase;
			buildActionMask = 2147483647;
			files = (
			);
			runOnlyForDeploymentPostprocessing = 0;
		};
/* End PBXResourcesBuildPhase section */

/* Begin PBXSourcesBuildPhase section */
		C67E14121F705F5A007D41BD /* Sources */ = {
			isa = PBXSourcesBuildPhase;
			buildActionMask = 2147483647;
			files = (
				C67E141C1F705F5A007D41BD /* ViewController.swift in Sources */,
				C67E141A1F705F5A007D41BD /* AppDelegate.swift in Sources */,
			);
			runOnlyForDeploymentPostprocessing = 0;
		};
		C67E14261F705F5A007D41BD /* Sources */ = {
			isa = PBXSourcesBuildPhase;
			buildActionMask = 2147483647;
			files = (
				C67E142F1F705F5A007D41BD /* translateMeTests.swift in Sources */,
			);
			runOnlyForDeploymentPostprocessing = 0;
		};
		C67E14311F705F5A007D41BD /* Sources */ = {
			isa = PBXSourcesBuildPhase;
			buildActionMask = 2147483647;
			files = (
				C67E143A1F705F5A007D41BD /* translateMeUITests.swift in Sources */,
			);
			runOnlyForDeploymentPostprocessing = 0;
		};
/* End PBXSourcesBuildPhase section */

/* Begin PBXTargetDependency section */
		C67E142C1F705F5A007D41BD /* PBXTargetDependency */ = {
			isa = PBXTargetDependency;
			target = C67E14151F705F5A007D41BD /* translateMe */;
			targetProxy = C67E142B1F705F5A007D41BD /* PBXContainerItemProxy */;
		};
		C67E14371F705F5A007D41BD /* PBXTargetDependency */ = {
			isa = PBXTargetDependency;
			target = C67E14151F705F5A007D41BD /* translateMe */;
			targetProxy = C67E14361F705F5A007D41BD /* PBXContainerItemProxy */;
		};
/* End PBXTargetDependency section */

/* Begin PBXVariantGroup section */
		C67E141D1F705F5A007D41BD /* Main.storyboard */ = {
			isa = PBXVariantGroup;
			children = (
				C67E141E1F705F5A007D41BD /* Base */,
			);
			name = Main.storyboard;
			sourceTree = "<group>";
		};
		C67E14221F705F5A007D41BD /* LaunchScreen.storyboard */ = {
			isa = PBXVariantGroup;
			children = (
				C67E14231F705F5A007D41BD /* Base */,
			);
			name = LaunchScreen.storyboard;
			sourceTree = "<group>";
		};
/* End PBXVariantGroup section */

/* Begin XCBuildConfiguration section */
		C67E143C1F705F5A007D41BD /* Debug */ = {
			isa = XCBuildConfiguration;
			buildSettings = {
				ALWAYS_SEARCH_USER_PATHS = NO;
				CLANG_ANALYZER_NONNULL = YES;
				CLANG_ANALYZER_NUMBER_OBJECT_CONVERSION = YES_AGGRESSIVE;
				CLANG_CXX_LANGUAGE_STANDARD = "gnu++0x";
				CLANG_CXX_LIBRARY = "libc++";
				CLANG_ENABLE_MODULES = YES;
				CLANG_ENABLE_OBJC_ARC = YES;
				CLANG_WARN_BOOL_CONVERSION = YES;
				CLANG_WARN_CONSTANT_CONVERSION = YES;
				CLANG_WARN_DIRECT_OBJC_ISA_USAGE = YES_ERROR;
				CLANG_WARN_DOCUMENTATION_COMMENTS = YES;
				CLANG_WARN_EMPTY_BODY = YES;
				CLANG_WARN_ENUM_CONVERSION = YES;
				CLANG_WARN_INFINITE_RECURSION = YES;
				CLANG_WARN_INT_CONVERSION = YES;
				CLANG_WARN_OBJC_ROOT_CLASS = YES_ERROR;
				CLANG_WARN_SUSPICIOUS_MOVE = YES;
				CLANG_WARN_UNREACHABLE_CODE = YES;
				CLANG_WARN__DUPLICATE_METHOD_MATCH = YES;
				"CODE_SIGN_IDENTITY[sdk=iphoneos*]" = "iPhone Developer";
				COPY_PHASE_STRIP = NO;
				DEBUG_INFORMATION_FORMAT = dwarf;
				ENABLE_STRICT_OBJC_MSGSEND = YES;
				ENABLE_TESTABILITY = YES;
				GCC_C_LANGUAGE_STANDARD = gnu99;
				GCC_DYNAMIC_NO_PIC = NO;
				GCC_NO_COMMON_BLOCKS = YES;
				GCC_OPTIMIZATION_LEVEL = 0;
				GCC_PREPROCESSOR_DEFINITIONS = (
					"DEBUG=1",
					"$(inherited)",
				);
				GCC_WARN_64_TO_32_BIT_CONVERSION = YES;
				GCC_WARN_ABOUT_RETURN_TYPE = YES_ERROR;
				GCC_WARN_UNDECLARED_SELECTOR = YES;
				GCC_WARN_UNINITIALIZED_AUTOS = YES_AGGRESSIVE;
				GCC_WARN_UNUSED_FUNCTION = YES;
				GCC_WARN_UNUSED_VARIABLE = YES;
				IPHONEOS_DEPLOYMENT_TARGET = 10.3;
				MTL_ENABLE_DEBUG_INFO = YES;
				ONLY_ACTIVE_ARCH = YES;
				SDKROOT = iphoneos;
				SWIFT_ACTIVE_COMPILATION_CONDITIONS = DEBUG;
				SWIFT_OPTIMIZATION_LEVEL = "-Onone";
			};
			name = Debug;
		};
		C67E143D1F705F5A007D41BD /* Release */ = {
			isa = XCBuildConfiguration;
			buildSettings = {
				ALWAYS_SEARCH_USER_PATHS = NO;
				CLANG_ANALYZER_NONNULL = YES;
				CLANG_ANALYZER_NUMBER_OBJECT_CONVERSION = YES_AGGRESSIVE;
				CLANG_CXX_LANGUAGE_STANDARD = "gnu++0x";
				CLANG_CXX_LIBRARY = "libc++";
				CLANG_ENABLE_MODULES = YES;
				CLANG_ENABLE_OBJC_ARC = YES;
				CLANG_WARN_BOOL_CONVERSION = YES;
				CLANG_WARN_CONSTANT_CONVERSION = YES;
				CLANG_WARN_DIRECT_OBJC_ISA_USAGE = YES_ERROR;
				CLANG_WARN_DOCUMENTATION_COMMENTS = YES;
				CLANG_WARN_EMPTY_BODY = YES;
				CLANG_WARN_ENUM_CONVERSION = YES;
				CLANG_WARN_INFINITE_RECURSION = YES;
				CLANG_WARN_INT_CONVERSION = YES;
				CLANG_WARN_OBJC_ROOT_CLASS = YES_ERROR;
				CLANG_WARN_SUSPICIOUS_MOVE = YES;
				CLANG_WARN_UNREACHABLE_CODE = YES;
				CLANG_WARN__DUPLICATE_METHOD_MATCH = YES;
				"CODE_SIGN_IDENTITY[sdk=iphoneos*]" = "iPhone Developer";
				COPY_PHASE_STRIP = NO;
				DEBUG_INFORMATION_FORMAT = "dwarf-with-dsym";
				ENABLE_NS_ASSERTIONS = NO;
				ENABLE_STRICT_OBJC_MSGSEND = YES;
				GCC_C_LANGUAGE_STANDARD = gnu99;
				GCC_NO_COMMON_BLOCKS = YES;
				GCC_WARN_64_TO_32_BIT_CONVERSION = YES;
				GCC_WARN_ABOUT_RETURN_TYPE = YES_ERROR;
				GCC_WARN_UNDECLARED_SELECTOR = YES;
				GCC_WARN_UNINITIALIZED_AUTOS = YES_AGGRESSIVE;
				GCC_WARN_UNUSED_FUNCTION = YES;
				GCC_WARN_UNUSED_VARIABLE = YES;
				IPHONEOS_DEPLOYMENT_TARGET = 10.3;
				MTL_ENABLE_DEBUG_INFO = NO;
				SDKROOT = iphoneos;
				SWIFT_OPTIMIZATION_LEVEL = "-Owholemodule";
				VALIDATE_PRODUCT = YES;
			};
			name = Release;
		};
		C67E143F1F705F5A007D41BD /* Debug */ = {
			isa = XCBuildConfiguration;
			buildSettings = {
				ASSETCATALOG_COMPILER_APPICON_NAME = AppIcon;
				DEVELOPMENT_TEAM = 96KV52LNQ2;
				INFOPLIST_FILE = translateMe/Info.plist;
				LD_RUNPATH_SEARCH_PATHS = "$(inherited) @executable_path/Frameworks";
				PRODUCT_BUNDLE_IDENTIFIER = com.mk200789.translateMe;
				PRODUCT_NAME = "$(TARGET_NAME)";
				SWIFT_VERSION = 3.0;
			};
			name = Debug;
		};
		C67E14401F705F5A007D41BD /* Release */ = {
			isa = XCBuildConfiguration;
			buildSettings = {
				ASSETCATALOG_COMPILER_APPICON_NAME = AppIcon;
				DEVELOPMENT_TEAM = 96KV52LNQ2;
				INFOPLIST_FILE = translateMe/Info.plist;
				LD_RUNPATH_SEARCH_PATHS = "$(inherited) @executable_path/Frameworks";
				PRODUCT_BUNDLE_IDENTIFIER = com.mk200789.translateMe;
				PRODUCT_NAME = "$(TARGET_NAME)";
				SWIFT_VERSION = 3.0;
			};
			name = Release;
		};
		C67E14421F705F5A007D41BD /* Debug */ = {
			isa = XCBuildConfiguration;
			buildSettings = {
				ALWAYS_EMBED_SWIFT_STANDARD_LIBRARIES = YES;
				BUNDLE_LOADER = "$(TEST_HOST)";
				DEVELOPMENT_TEAM = 96KV52LNQ2;
				INFOPLIST_FILE = translateMeTests/Info.plist;
				LD_RUNPATH_SEARCH_PATHS = "$(inherited) @executable_path/Frameworks @loader_path/Frameworks";
				PRODUCT_BUNDLE_IDENTIFIER = com.mk200789.translateMeTests;
				PRODUCT_NAME = "$(TARGET_NAME)";
				SWIFT_VERSION = 3.0;
				TEST_HOST = "$(BUILT_PRODUCTS_DIR)/translateMe.app/translateMe";
			};
			name = Debug;
		};
		C67E14431F705F5A007D41BD /* Release */ = {
			isa = XCBuildConfiguration;
			buildSettings = {
				ALWAYS_EMBED_SWIFT_STANDARD_LIBRARIES = YES;
				BUNDLE_LOADER = "$(TEST_HOST)";
				DEVELOPMENT_TEAM = 96KV52LNQ2;
				INFOPLIST_FILE = translateMeTests/Info.plist;
				LD_RUNPATH_SEARCH_PATHS = "$(inherited) @executable_path/Frameworks @loader_path/Frameworks";
				PRODUCT_BUNDLE_IDENTIFIER = com.mk200789.translateMeTests;
				PRODUCT_NAME = "$(TARGET_NAME)";
				SWIFT_VERSION = 3.0;
				TEST_HOST = "$(BUILT_PRODUCTS_DIR)/translateMe.app/translateMe";
			};
			name = Release;
		};
		C67E14451F705F5A007D41BD /* Debug */ = {
			isa = XCBuildConfiguration;
			buildSettings = {
				ALWAYS_EMBED_SWIFT_STANDARD_LIBRARIES = YES;
				DEVELOPMENT_TEAM = 96KV52LNQ2;
				INFOPLIST_FILE = translateMeUITests/Info.plist;
				LD_RUNPATH_SEARCH_PATHS = "$(inherited) @executable_path/Frameworks @loader_path/Frameworks";
				PRODUCT_BUNDLE_IDENTIFIER = com.mk200789.translateMeUITests;
				PRODUCT_NAME = "$(TARGET_NAME)";
				SWIFT_VERSION = 3.0;
				TEST_TARGET_NAME = translateMe;
			};
			name = Debug;
		};
		C67E14461F705F5A007D41BD /* Release */ = {
			isa = XCBuildConfiguration;
			buildSettings = {
				ALWAYS_EMBED_SWIFT_STANDARD_LIBRARIES = YES;
				DEVELOPMENT_TEAM = 96KV52LNQ2;
				INFOPLIST_FILE = translateMeUITests/Info.plist;
				LD_RUNPATH_SEARCH_PATHS = "$(inherited) @executable_path/Frameworks @loader_path/Frameworks";
				PRODUCT_BUNDLE_IDENTIFIER = com.mk200789.translateMeUITests;
				PRODUCT_NAME = "$(TARGET_NAME)";
				SWIFT_VERSION = 3.0;
				TEST_TARGET_NAME = translateMe;
			};
			name = Release;
		};
/* End XCBuildConfiguration section */

/* Begin XCConfigurationList section */
		C67E14111F705F5A007D41BD /* Build configuration list for PBXProject "translateMe" */ = {
			isa = XCConfigurationList;
			buildConfigurations = (
				C67E143C1F705F5A007D41BD /* Debug */,
				C67E143D1F705F5A007D41BD /* Release */,
			);
			defaultConfigurationIsVisible = 0;
			defaultConfigurationName = Release;
		};
		C67E143E1F705F5A007D41BD /* Build configuration list for PBXNativeTarget "translateMe" */ = {
			isa = XCConfigurationList;
			buildConfigurations = (
				C67E143F1F705F5A007D41BD /* Debug */,
				C67E14401F705F5A007D41BD /* Release */,
			);
			defaultConfigurationIsVisible = 0;
		};
		C67E14411F705F5A007D41BD /* Build configuration list for PBXNativeTarget "translateMeTests" */ = {
			isa = XCConfigurationList;
			buildConfigurations = (
				C67E14421F705F5A007D41BD /* Debug */,
				C67E14431F705F5A007D41BD /* Release */,
			);
			defaultConfigurationIsVisible = 0;
		};
		C67E14441F705F5A007D41BD /* Build configuration list for PBXNativeTarget "translateMeUITests" */ = {
			isa = XCConfigurationList;
			buildConfigurations = (
				C67E14451F705F5A007D41BD /* Debug */,
				C67E14461F705F5A007D41BD /* Release */,
			);
			defaultConfigurationIsVisible = 0;
		};
/* End XCConfigurationList section */
	};
	rootObject = C67E140E1F705F5A007D41BD /* Project object */;
}
