// !$*UTF8*$!
{
	archiveVersion = 1;
	classes = {
	};
	objectVersion = 46;
	objects = {

/* Begin PBXBuildFile section */
		C65BE46E1DA607CC00574E8B /* AppDelegate.swift in Sources */ = {isa = PBXBuildFile; fileRef = C65BE46D1DA607CC00574E8B /* AppDelegate.swift */; };
		C65BE4701DA607CC00574E8B /* ViewController.swift in Sources */ = {isa = PBXBuildFile; fileRef = C65BE46F1DA607CC00574E8B /* ViewController.swift */; };
		C65BE4731DA607CC00574E8B /* Main.storyboard in Resources */ = {isa = PBXBuildFile; fileRef = C65BE4711DA607CC00574E8B /* Main.storyboard */; };
		C65BE4761DA607CC00574E8B /* translateMe.xcdatamodeld in Sources */ = {isa = PBXBuildFile; fileRef = C65BE4741DA607CC00574E8B /* translateMe.xcdatamodeld */; };
		C65BE4781DA607CC00574E8B /* Assets.xcassets in Resources */ = {isa = PBXBuildFile; fileRef = C65BE4771DA607CC00574E8B /* Assets.xcassets */; };
		C65BE47B1DA607CC00574E8B /* LaunchScreen.storyboard in Resources */ = {isa = PBXBuildFile; fileRef = C65BE4791DA607CC00574E8B /* LaunchScreen.storyboard */; };
		C65BE4861DA607CC00574E8B /* translateMeTests.swift in Sources */ = {isa = PBXBuildFile; fileRef = C65BE4851DA607CC00574E8B /* translateMeTests.swift */; };
		C65BE4911DA607CC00574E8B /* translateMeUITests.swift in Sources */ = {isa = PBXBuildFile; fileRef = C65BE4901DA607CC00574E8B /* translateMeUITests.swift */; };
		C6D2B8D21DB1CDA500B2DEBB /* property.plist in Resources */ = {isa = PBXBuildFile; fileRef = C6D2B8D11DB1CDA500B2DEBB /* property.plist */; };
		C6D2B8D41DB1CEF600B2DEBB /* getProperty.swift in Sources */ = {isa = PBXBuildFile; fileRef = C6D2B8D31DB1CEF600B2DEBB /* getProperty.swift */; };
/* End PBXBuildFile section */

/* Begin PBXContainerItemProxy section */
		C65BE4821DA607CC00574E8B /* PBXContainerItemProxy */ = {
			isa = PBXContainerItemProxy;
			containerPortal = C65BE4621DA607CC00574E8B /* Project object */;
			proxyType = 1;
			remoteGlobalIDString = C65BE4691DA607CC00574E8B;
			remoteInfo = translateMe;
		};
		C65BE48D1DA607CC00574E8B /* PBXContainerItemProxy */ = {
			isa = PBXContainerItemProxy;
			containerPortal = C65BE4621DA607CC00574E8B /* Project object */;
			proxyType = 1;
			remoteGlobalIDString = C65BE4691DA607CC00574E8B;
			remoteInfo = translateMe;
		};
/* End PBXContainerItemProxy section */

/* Begin PBXFileReference section */
		C65BE46A1DA607CC00574E8B /* translateMe.app */ = {isa = PBXFileReference; explicitFileType = wrapper.application; includeInIndex = 0; path = translateMe.app; sourceTree = BUILT_PRODUCTS_DIR; };
		C65BE46D1DA607CC00574E8B /* AppDelegate.swift */ = {isa = PBXFileReference; lastKnownFileType = sourcecode.swift; path = AppDelegate.swift; sourceTree = "<group>"; };
		C65BE46F1DA607CC00574E8B /* ViewController.swift */ = {isa = PBXFileReference; lastKnownFileType = sourcecode.swift; path = ViewController.swift; sourceTree = "<group>"; };
		C65BE4721DA607CC00574E8B /* Base */ = {isa = PBXFileReference; lastKnownFileType = file.storyboard; name = Base; path = Base.lproj/Main.storyboard; sourceTree = "<group>"; };
		C65BE4751DA607CC00574E8B /* translateMe.xcdatamodel */ = {isa = PBXFileReference; lastKnownFileType = wrapper.xcdatamodel; path = translateMe.xcdatamodel; sourceTree = "<group>"; };
		C65BE4771DA607CC00574E8B /* Assets.xcassets */ = {isa = PBXFileReference; lastKnownFileType = folder.assetcatalog; path = Assets.xcassets; sourceTree = "<group>"; };
		C65BE47A1DA607CC00574E8B /* Base */ = {isa = PBXFileReference; lastKnownFileType = file.storyboard; name = Base; path = Base.lproj/LaunchScreen.storyboard; sourceTree = "<group>"; };
		C65BE47C1DA607CC00574E8B /* Info.plist */ = {isa = PBXFileReference; lastKnownFileType = text.plist.xml; path = Info.plist; sourceTree = "<group>"; };
		C65BE4811DA607CC00574E8B /* translateMeTests.xctest */ = {isa = PBXFileReference; explicitFileType = wrapper.cfbundle; includeInIndex = 0; path = translateMeTests.xctest; sourceTree = BUILT_PRODUCTS_DIR; };
		C65BE4851DA607CC00574E8B /* translateMeTests.swift */ = {isa = PBXFileReference; lastKnownFileType = sourcecode.swift; path = translateMeTests.swift; sourceTree = "<group>"; };
		C65BE4871DA607CC00574E8B /* Info.plist */ = {isa = PBXFileReference; lastKnownFileType = text.plist.xml; path = Info.plist; sourceTree = "<group>"; };
		C65BE48C1DA607CC00574E8B /* translateMeUITests.xctest */ = {isa = PBXFileReference; explicitFileType = wrapper.cfbundle; includeInIndex = 0; path = translateMeUITests.xctest; sourceTree = BUILT_PRODUCTS_DIR; };
		C65BE4901DA607CC00574E8B /* translateMeUITests.swift */ = {isa = PBXFileReference; lastKnownFileType = sourcecode.swift; path = translateMeUITests.swift; sourceTree = "<group>"; };
		C65BE4921DA607CC00574E8B /* Info.plist */ = {isa = PBXFileReference; lastKnownFileType = text.plist.xml; path = Info.plist; sourceTree = "<group>"; };
		C6D2B8D11DB1CDA500B2DEBB /* property.plist */ = {isa = PBXFileReference; fileEncoding = 4; lastKnownFileType = text.plist.xml; path = property.plist; sourceTree = "<group>"; };
		C6D2B8D31DB1CEF600B2DEBB /* getProperty.swift */ = {isa = PBXFileReference; fileEncoding = 4; lastKnownFileType = sourcecode.swift; path = getProperty.swift; sourceTree = "<group>"; };
/* End PBXFileReference section */

/* Begin PBXFrameworksBuildPhase section */
		C65BE4671DA607CC00574E8B /* Frameworks */ = {
			isa = PBXFrameworksBuildPhase;
			buildActionMask = 2147483647;
			files = (
			);
			runOnlyForDeploymentPostprocessing = 0;
		};
		C65BE47E1DA607CC00574E8B /* Frameworks */ = {
			isa = PBXFrameworksBuildPhase;
			buildActionMask = 2147483647;
			files = (
			);
			runOnlyForDeploymentPostprocessing = 0;
		};
		C65BE4891DA607CC00574E8B /* Frameworks */ = {
			isa = PBXFrameworksBuildPhase;
			buildActionMask = 2147483647;
			files = (
			);
			runOnlyForDeploymentPostprocessing = 0;
		};
/* End PBXFrameworksBuildPhase section */

/* Begin PBXGroup section */
		C65BE4611DA607CC00574E8B = {
			isa = PBXGroup;
			children = (
				C65BE46C1DA607CC00574E8B /* translateMe */,
				C65BE4841DA607CC00574E8B /* translateMeTests */,
				C65BE48F1DA607CC00574E8B /* translateMeUITests */,
				C65BE46B1DA607CC00574E8B /* Products */,
			);
			sourceTree = "<group>";
		};
		C65BE46B1DA607CC00574E8B /* Products */ = {
			isa = PBXGroup;
			children = (
				C65BE46A1DA607CC00574E8B /* translateMe.app */,
				C65BE4811DA607CC00574E8B /* translateMeTests.xctest */,
				C65BE48C1DA607CC00574E8B /* translateMeUITests.xctest */,
			);
			name = Products;
			sourceTree = "<group>";
		};
		C65BE46C1DA607CC00574E8B /* translateMe */ = {
			isa = PBXGroup;
			children = (
				C65BE46D1DA607CC00574E8B /* AppDelegate.swift */,
				C65BE46F1DA607CC00574E8B /* ViewController.swift */,
				C65BE4711DA607CC00574E8B /* Main.storyboard */,
				C65BE4771DA607CC00574E8B /* Assets.xcassets */,
				C65BE4791DA607CC00574E8B /* LaunchScreen.storyboard */,
				C65BE47C1DA607CC00574E8B /* Info.plist */,
				C65BE4741DA607CC00574E8B /* translateMe.xcdatamodeld */,
				C6D2B8D11DB1CDA500B2DEBB /* property.plist */,
				C6D2B8D31DB1CEF600B2DEBB /* getProperty.swift */,
			);
			path = translateMe;
			sourceTree = "<group>";
		};
		C65BE4841DA607CC00574E8B /* translateMeTests */ = {
			isa = PBXGroup;
			children = (
				C65BE4851DA607CC00574E8B /* translateMeTests.swift */,
				C65BE4871DA607CC00574E8B /* Info.plist */,
			);
			path = translateMeTests;
			sourceTree = "<group>";
		};
		C65BE48F1DA607CC00574E8B /* translateMeUITests */ = {
			isa = PBXGroup;
			children = (
				C65BE4901DA607CC00574E8B /* translateMeUITests.swift */,
				C65BE4921DA607CC00574E8B /* Info.plist */,
			);
			path = translateMeUITests;
			sourceTree = "<group>";
		};
/* End PBXGroup section */

/* Begin PBXNativeTarget section */
		C65BE4691DA607CC00574E8B /* translateMe */ = {
			isa = PBXNativeTarget;
			buildConfigurationList = C65BE4951DA607CC00574E8B /* Build configuration list for PBXNativeTarget "translateMe" */;
			buildPhases = (
				C65BE4661DA607CC00574E8B /* Sources */,
				C65BE4671DA607CC00574E8B /* Frameworks */,
				C65BE4681DA607CC00574E8B /* Resources */,
			);
			buildRules = (
			);
			dependencies = (
			);
			name = translateMe;
			productName = translateMe;
			productReference = C65BE46A1DA607CC00574E8B /* translateMe.app */;
			productType = "com.apple.product-type.application";
		};
		C65BE4801DA607CC00574E8B /* translateMeTests */ = {
			isa = PBXNativeTarget;
			buildConfigurationList = C65BE4981DA607CC00574E8B /* Build configuration list for PBXNativeTarget "translateMeTests" */;
			buildPhases = (
				C65BE47D1DA607CC00574E8B /* Sources */,
				C65BE47E1DA607CC00574E8B /* Frameworks */,
				C65BE47F1DA607CC00574E8B /* Resources */,
			);
			buildRules = (
			);
			dependencies = (
				C65BE4831DA607CC00574E8B /* PBXTargetDependency */,
			);
			name = translateMeTests;
			productName = translateMeTests;
			productReference = C65BE4811DA607CC00574E8B /* translateMeTests.xctest */;
			productType = "com.apple.product-type.bundle.unit-test";
		};
		C65BE48B1DA607CC00574E8B /* translateMeUITests */ = {
			isa = PBXNativeTarget;
			buildConfigurationList = C65BE49B1DA607CC00574E8B /* Build configuration list for PBXNativeTarget "translateMeUITests" */;
			buildPhases = (
				C65BE4881DA607CC00574E8B /* Sources */,
				C65BE4891DA607CC00574E8B /* Frameworks */,
				C65BE48A1DA607CC00574E8B /* Resources */,
			);
			buildRules = (
			);
			dependencies = (
				C65BE48E1DA607CC00574E8B /* PBXTargetDependency */,
			);
			name = translateMeUITests;
			productName = translateMeUITests;
			productReference = C65BE48C1DA607CC00574E8B /* translateMeUITests.xctest */;
			productType = "com.apple.product-type.bundle.ui-testing";
		};
/* End PBXNativeTarget section */

/* Begin PBXProject section */
		C65BE4621DA607CC00574E8B /* Project object */ = {
			isa = PBXProject;
			attributes = {
				LastSwiftUpdateCheck = 0800;
				LastUpgradeCheck = 0800;
				ORGANIZATIONNAME = "Wan Kim Mok";
				TargetAttributes = {
					C65BE4691DA607CC00574E8B = {
						CreatedOnToolsVersion = 8.0;
						ProvisioningStyle = Automatic;
					};
					C65BE4801DA607CC00574E8B = {
						CreatedOnToolsVersion = 8.0;
						ProvisioningStyle = Automatic;
						TestTargetID = C65BE4691DA607CC00574E8B;
					};
					C65BE48B1DA607CC00574E8B = {
						CreatedOnToolsVersion = 8.0;
						ProvisioningStyle = Automatic;
						TestTargetID = C65BE4691DA607CC00574E8B;
					};
				};
			};
			buildConfigurationList = C65BE4651DA607CC00574E8B /* Build configuration list for PBXProject "translateMe" */;
			compatibilityVersion = "Xcode 3.2";
			developmentRegion = English;
			hasScannedForEncodings = 0;
			knownRegions = (
				en,
				Base,
			);
			mainGroup = C65BE4611DA607CC00574E8B;
			productRefGroup = C65BE46B1DA607CC00574E8B /* Products */;
			projectDirPath = "";
			projectRoot = "";
			targets = (
				C65BE4691DA607CC00574E8B /* translateMe */,
				C65BE4801DA607CC00574E8B /* translateMeTests */,
				C65BE48B1DA607CC00574E8B /* translateMeUITests */,
			);
		};
/* End PBXProject section */

/* Begin PBXResourcesBuildPhase section */
		C65BE4681DA607CC00574E8B /* Resources */ = {
			isa = PBXResourcesBuildPhase;
			buildActionMask = 2147483647;
			files = (
				C65BE47B1DA607CC00574E8B /* LaunchScreen.storyboard in Resources */,
				C6D2B8D21DB1CDA500B2DEBB /* property.plist in Resources */,
				C65BE4781DA607CC00574E8B /* Assets.xcassets in Resources */,
				C65BE4731DA607CC00574E8B /* Main.storyboard in Resources */,
			);
			runOnlyForDeploymentPostprocessing = 0;
		};
		C65BE47F1DA607CC00574E8B /* Resources */ = {
			isa = PBXResourcesBuildPhase;
			buildActionMask = 2147483647;
			files = (
			);
			runOnlyForDeploymentPostprocessing = 0;
		};
		C65BE48A1DA607CC00574E8B /* Resources */ = {
			isa = PBXResourcesBuildPhase;
			buildActionMask = 2147483647;
			files = (
			);
			runOnlyForDeploymentPostprocessing = 0;
		};
/* End PBXResourcesBuildPhase section */

/* Begin PBXSourcesBuildPhase section */
		C65BE4661DA607CC00574E8B /* Sources */ = {
			isa = PBXSourcesBuildPhase;
			buildActionMask = 2147483647;
			files = (
				C65BE4761DA607CC00574E8B /* translateMe.xcdatamodeld in Sources */,
				C6D2B8D41DB1CEF600B2DEBB /* getProperty.swift in Sources */,
				C65BE4701DA607CC00574E8B /* ViewController.swift in Sources */,
				C65BE46E1DA607CC00574E8B /* AppDelegate.swift in Sources */,
			);
			runOnlyForDeploymentPostprocessing = 0;
		};
		C65BE47D1DA607CC00574E8B /* Sources */ = {
			isa = PBXSourcesBuildPhase;
			buildActionMask = 2147483647;
			files = (
				C65BE4861DA607CC00574E8B /* translateMeTests.swift in Sources */,
			);
			runOnlyForDeploymentPostprocessing = 0;
		};
		C65BE4881DA607CC00574E8B /* Sources */ = {
			isa = PBXSourcesBuildPhase;
			buildActionMask = 2147483647;
			files = (
				C65BE4911DA607CC00574E8B /* translateMeUITests.swift in Sources */,
			);
			runOnlyForDeploymentPostprocessing = 0;
		};
/* End PBXSourcesBuildPhase section */

/* Begin PBXTargetDependency section */
		C65BE4831DA607CC00574E8B /* PBXTargetDependency */ = {
			isa = PBXTargetDependency;
			target = C65BE4691DA607CC00574E8B /* translateMe */;
			targetProxy = C65BE4821DA607CC00574E8B /* PBXContainerItemProxy */;
		};
		C65BE48E1DA607CC00574E8B /* PBXTargetDependency */ = {
			isa = PBXTargetDependency;
			target = C65BE4691DA607CC00574E8B /* translateMe */;
			targetProxy = C65BE48D1DA607CC00574E8B /* PBXContainerItemProxy */;
		};
/* End PBXTargetDependency section */

/* Begin PBXVariantGroup section */
		C65BE4711DA607CC00574E8B /* Main.storyboard */ = {
			isa = PBXVariantGroup;
			children = (
				C65BE4721DA607CC00574E8B /* Base */,
			);
			name = Main.storyboard;
			sourceTree = "<group>";
		};
		C65BE4791DA607CC00574E8B /* LaunchScreen.storyboard */ = {
			isa = PBXVariantGroup;
			children = (
				C65BE47A1DA607CC00574E8B /* Base */,
			);
			name = LaunchScreen.storyboard;
			sourceTree = "<group>";
		};
/* End PBXVariantGroup section */

/* Begin XCBuildConfiguration section */
		C65BE4931DA607CC00574E8B /* Debug */ = {
			isa = XCBuildConfiguration;
			buildSettings = {
				ALWAYS_SEARCH_USER_PATHS = NO;
				CLANG_ANALYZER_NONNULL = YES;
				CLANG_CXX_LANGUAGE_STANDARD = "gnu++0x";
				CLANG_CXX_LIBRARY = "libc++";
				CLANG_ENABLE_MODULES = YES;
				CLANG_ENABLE_OBJC_ARC = YES;
				CLANG_WARN_BOOL_CONVERSION = YES;
				CLANG_WARN_CONSTANT_CONVERSION = YES;
				CLANG_WARN_DIRECT_OBJC_ISA_USAGE = YES_ERROR;
				CLANG_WARN_DOCUMENTATION_COMMENTS = YES;
				CLANG_WARN_EMPTY_BODY = YES;
				CLANG_WARN_ENUM_CONVERSION = YES;
				CLANG_WARN_INFINITE_RECURSION = YES;
				CLANG_WARN_INT_CONVERSION = YES;
				CLANG_WARN_OBJC_ROOT_CLASS = YES_ERROR;
				CLANG_WARN_SUSPICIOUS_MOVES = YES;
				CLANG_WARN_UNREACHABLE_CODE = YES;
				CLANG_WARN__DUPLICATE_METHOD_MATCH = YES;
				"CODE_SIGN_IDENTITY[sdk=iphoneos*]" = "iPhone Developer";
				COPY_PHASE_STRIP = NO;
				DEBUG_INFORMATION_FORMAT = dwarf;
				ENABLE_STRICT_OBJC_MSGSEND = YES;
				ENABLE_TESTABILITY = YES;
				GCC_C_LANGUAGE_STANDARD = gnu99;
				GCC_DYNAMIC_NO_PIC = NO;
				GCC_NO_COMMON_BLOCKS = YES;
				GCC_OPTIMIZATION_LEVEL = 0;
				GCC_PREPROCESSOR_DEFINITIONS = (
					"DEBUG=1",
					"$(inherited)",
				);
				GCC_WARN_64_TO_32_BIT_CONVERSION = YES;
				GCC_WARN_ABOUT_RETURN_TYPE = YES_ERROR;
				GCC_WARN_UNDECLARED_SELECTOR = YES;
				GCC_WARN_UNINITIALIZED_AUTOS = YES_AGGRESSIVE;
				GCC_WARN_UNUSED_FUNCTION = YES;
				GCC_WARN_UNUSED_VARIABLE = YES;
				IPHONEOS_DEPLOYMENT_TARGET = 10.0;
				MTL_ENABLE_DEBUG_INFO = YES;
				ONLY_ACTIVE_ARCH = YES;
				SDKROOT = iphoneos;
				SWIFT_ACTIVE_COMPILATION_CONDITIONS = DEBUG;
				SWIFT_OPTIMIZATION_LEVEL = "-Onone";
				TARGETED_DEVICE_FAMILY = "1,2";
			};
			name = Debug;
		};
		C65BE4941DA607CC00574E8B /* Release */ = {
			isa = XCBuildConfiguration;
			buildSettings = {
				ALWAYS_SEARCH_USER_PATHS = NO;
				CLANG_ANALYZER_NONNULL = YES;
				CLANG_CXX_LANGUAGE_STANDARD = "gnu++0x";
				CLANG_CXX_LIBRARY = "libc++";
				CLANG_ENABLE_MODULES = YES;
				CLANG_ENABLE_OBJC_ARC = YES;
				CLANG_WARN_BOOL_CONVERSION = YES;
				CLANG_WARN_CONSTANT_CONVERSION = YES;
				CLANG_WARN_DIRECT_OBJC_ISA_USAGE = YES_ERROR;
				CLANG_WARN_DOCUMENTATION_COMMENTS = YES;
				CLANG_WARN_EMPTY_BODY = YES;
				CLANG_WARN_ENUM_CONVERSION = YES;
				CLANG_WARN_INFINITE_RECURSION = YES;
				CLANG_WARN_INT_CONVERSION = YES;
				CLANG_WARN_OBJC_ROOT_CLASS = YES_ERROR;
				CLANG_WARN_SUSPICIOUS_MOVES = YES;
				CLANG_WARN_UNREACHABLE_CODE = YES;
				CLANG_WARN__DUPLICATE_METHOD_MATCH = YES;
				"CODE_SIGN_IDENTITY[sdk=iphoneos*]" = "iPhone Developer";
				COPY_PHASE_STRIP = NO;
				DEBUG_INFORMATION_FORMAT = "dwarf-with-dsym";
				ENABLE_NS_ASSERTIONS = NO;
				ENABLE_STRICT_OBJC_MSGSEND = YES;
				GCC_C_LANGUAGE_STANDARD = gnu99;
				GCC_NO_COMMON_BLOCKS = YES;
				GCC_WARN_64_TO_32_BIT_CONVERSION = YES;
				GCC_WARN_ABOUT_RETURN_TYPE = YES_ERROR;
				GCC_WARN_UNDECLARED_SELECTOR = YES;
				GCC_WARN_UNINITIALIZED_AUTOS = YES_AGGRESSIVE;
				GCC_WARN_UNUSED_FUNCTION = YES;
				GCC_WARN_UNUSED_VARIABLE = YES;
				IPHONEOS_DEPLOYMENT_TARGET = 10.0;
				MTL_ENABLE_DEBUG_INFO = NO;
				SDKROOT = iphoneos;
				SWIFT_OPTIMIZATION_LEVEL = "-Owholemodule";
				TARGETED_DEVICE_FAMILY = "1,2";
				VALIDATE_PRODUCT = YES;
			};
			name = Release;
		};
		C65BE4961DA607CC00574E8B /* Debug */ = {
			isa = XCBuildConfiguration;
			buildSettings = {
				ASSETCATALOG_COMPILER_APPICON_NAME = AppIcon;
				INFOPLIST_FILE = translateMe/Info.plist;
				LD_RUNPATH_SEARCH_PATHS = "$(inherited) @executable_path/Frameworks";
				PRODUCT_BUNDLE_IDENTIFIER = com.mk200789.translateMe;
				PRODUCT_NAME = "$(TARGET_NAME)";
				SWIFT_VERSION = 3.0;
			};
			name = Debug;
		};
		C65BE4971DA607CC00574E8B /* Release */ = {
			isa = XCBuildConfiguration;
			buildSettings = {
				ASSETCATALOG_COMPILER_APPICON_NAME = AppIcon;
				INFOPLIST_FILE = translateMe/Info.plist;
				LD_RUNPATH_SEARCH_PATHS = "$(inherited) @executable_path/Frameworks";
				PRODUCT_BUNDLE_IDENTIFIER = com.mk200789.translateMe;
				PRODUCT_NAME = "$(TARGET_NAME)";
				SWIFT_VERSION = 3.0;
			};
			name = Release;
		};
		C65BE4991DA607CC00574E8B /* Debug */ = {
			isa = XCBuildConfiguration;
			buildSettings = {
				ALWAYS_EMBED_SWIFT_STANDARD_LIBRARIES = YES;
				BUNDLE_LOADER = "$(TEST_HOST)";
				INFOPLIST_FILE = translateMeTests/Info.plist;
				LD_RUNPATH_SEARCH_PATHS = "$(inherited) @executable_path/Frameworks @loader_path/Frameworks";
				PRODUCT_BUNDLE_IDENTIFIER = com.mk200789.translateMeTests;
				PRODUCT_NAME = "$(TARGET_NAME)";
				SWIFT_VERSION = 3.0;
				TEST_HOST = "$(BUILT_PRODUCTS_DIR)/translateMe.app/translateMe";
			};
			name = Debug;
		};
		C65BE49A1DA607CC00574E8B /* Release */ = {
			isa = XCBuildConfiguration;
			buildSettings = {
				ALWAYS_EMBED_SWIFT_STANDARD_LIBRARIES = YES;
				BUNDLE_LOADER = "$(TEST_HOST)";
				INFOPLIST_FILE = translateMeTests/Info.plist;
				LD_RUNPATH_SEARCH_PATHS = "$(inherited) @executable_path/Frameworks @loader_path/Frameworks";
				PRODUCT_BUNDLE_IDENTIFIER = com.mk200789.translateMeTests;
				PRODUCT_NAME = "$(TARGET_NAME)";
				SWIFT_VERSION = 3.0;
				TEST_HOST = "$(BUILT_PRODUCTS_DIR)/translateMe.app/translateMe";
			};
			name = Release;
		};
		C65BE49C1DA607CC00574E8B /* Debug */ = {
			isa = XCBuildConfiguration;
			buildSettings = {
				ALWAYS_EMBED_SWIFT_STANDARD_LIBRARIES = YES;
				INFOPLIST_FILE = translateMeUITests/Info.plist;
				LD_RUNPATH_SEARCH_PATHS = "$(inherited) @executable_path/Frameworks @loader_path/Frameworks";
				PRODUCT_BUNDLE_IDENTIFIER = com.mk200789.translateMeUITests;
				PRODUCT_NAME = "$(TARGET_NAME)";
				SWIFT_VERSION = 3.0;
				TEST_TARGET_NAME = translateMe;
			};
			name = Debug;
		};
		C65BE49D1DA607CC00574E8B /* Release */ = {
			isa = XCBuildConfiguration;
			buildSettings = {
				ALWAYS_EMBED_SWIFT_STANDARD_LIBRARIES = YES;
				INFOPLIST_FILE = translateMeUITests/Info.plist;
				LD_RUNPATH_SEARCH_PATHS = "$(inherited) @executable_path/Frameworks @loader_path/Frameworks";
				PRODUCT_BUNDLE_IDENTIFIER = com.mk200789.translateMeUITests;
				PRODUCT_NAME = "$(TARGET_NAME)";
				SWIFT_VERSION = 3.0;
				TEST_TARGET_NAME = translateMe;
			};
			name = Release;
		};
/* End XCBuildConfiguration section */

/* Begin XCConfigurationList section */
		C65BE4651DA607CC00574E8B /* Build configuration list for PBXProject "translateMe" */ = {
			isa = XCConfigurationList;
			buildConfigurations = (
				C65BE4931DA607CC00574E8B /* Debug */,
				C65BE4941DA607CC00574E8B /* Release */,
			);
			defaultConfigurationIsVisible = 0;
			defaultConfigurationName = Release;
		};
		C65BE4951DA607CC00574E8B /* Build configuration list for PBXNativeTarget "translateMe" */ = {
			isa = XCConfigurationList;
			buildConfigurations = (
				C65BE4961DA607CC00574E8B /* Debug */,
				C65BE4971DA607CC00574E8B /* Release */,
			);
			defaultConfigurationIsVisible = 0;
			defaultConfigurationName = Release;
		};
		C65BE4981DA607CC00574E8B /* Build configuration list for PBXNativeTarget "translateMeTests" */ = {
			isa = XCConfigurationList;
			buildConfigurations = (
				C65BE4991DA607CC00574E8B /* Debug */,
				C65BE49A1DA607CC00574E8B /* Release */,
			);
			defaultConfigurationIsVisible = 0;
			defaultConfigurationName = Release;
		};
		C65BE49B1DA607CC00574E8B /* Build configuration list for PBXNativeTarget "translateMeUITests" */ = {
			isa = XCConfigurationList;
			buildConfigurations = (
				C65BE49C1DA607CC00574E8B /* Debug */,
				C65BE49D1DA607CC00574E8B /* Release */,
			);
			defaultConfigurationIsVisible = 0;
			defaultConfigurationName = Release;
		};
/* End XCConfigurationList section */

/* Begin XCVersionGroup section */
		C65BE4741DA607CC00574E8B /* translateMe.xcdatamodeld */ = {
			isa = XCVersionGroup;
			children = (
				C65BE4751DA607CC00574E8B /* translateMe.xcdatamodel */,
			);
			currentVersion = C65BE4751DA607CC00574E8B /* translateMe.xcdatamodel */;
			path = translateMe.xcdatamodeld;
			sourceTree = "<group>";
			versionGroupType = wrapper.xcdatamodel;
		};
/* End XCVersionGroup section */
	};
	rootObject = C65BE4621DA607CC00574E8B /* Project object */;
}
