PODS:
  - Alamofire (4.6.0)
  - Clarifai-Apple-SDK (3.0.0-beta5)

DEPENDENCIES:
  - Alamofire (~> 4.6)
  - Clarifai-Apple-SDK (= 3.0.0-beta5)

SPEC CHECKSUMS:
  Alamofire: f41a599bd63041760b26d393ec1069d9d7b917f4
  Clarifai-Apple-SDK: 8211c7b1dee9bb524e36c60024e64cdc0bb8c79c

PODFILE CHECKSUM: 2849f1e99bb6fb3e31c5fe559ccf94a6e973c941

COCOAPODS: 1.4.0
